// !$*UTF8*$!
{
	archiveVersion = 1;
	classes = {
	};
	objectVersion = 48;
	objects = {

/* Begin PBXBuildFile section */
		1821A5BF1F62B33E0099DA19 /* Localizable.strings in Resources */ = {isa = PBXBuildFile; fileRef = 186284EB1F61A83D005E67DE /* Localizable.strings */; };
		1821A5D41F62D7410099DA19 /* UIImage+XYExtensionStyle.m in Sources */ = {isa = PBXBuildFile; fileRef = 1821A5D31F62D7410099DA19 /* UIImage+XYExtensionStyle.m */; };
		1821A5D51F62E1D00099DA19 /* InfoPlist.strings in Resources */ = {isa = PBXBuildFile; fileRef = 186284E91F61A83D005E67DE /* InfoPlist.strings */; };
		1821A5D61F62E1F60099DA19 /* Localizable-Netverify.strings in Resources */ = {isa = PBXBuildFile; fileRef = 186284E71F61A83D005E67DE /* Localizable-Netverify.strings */; };
		186284AC1F6194C4005E67DE /* Assets.xcassets in Resources */ = {isa = PBXBuildFile; fileRef = 18AB48401F5BDAC70048B760 /* Assets.xcassets */; };
		186284AF1F6195DF005E67DE /* NSBundle+XYLocalization.m in Sources */ = {isa = PBXBuildFile; fileRef = 186284AE1F6195DF005E67DE /* NSBundle+XYLocalization.m */; };
		18AB48411F5BDAD50048B760 /* main.m in Sources */ = {isa = PBXBuildFile; fileRef = 18AB48391F5BDAB10048B760 /* main.m */; };
		18AB48441F5BDB210048B760 /* AppDelegate.m in Sources */ = {isa = PBXBuildFile; fileRef = 18AB48371F5BDAB10048B760 /* AppDelegate.m */; };
		18BA2AAE1F5F20B8006290D4 /* ExploreViewController.m in Sources */ = {isa = PBXBuildFile; fileRef = 18BA2AAD1F5F20B8006290D4 /* ExploreViewController.m */; };
		18BA2AB11F5F20F3006290D4 /* InboxViewController.m in Sources */ = {isa = PBXBuildFile; fileRef = 18BA2AB01F5F20F3006290D4 /* InboxViewController.m */; };
		18BA2AB41F5F20FF006290D4 /* StoryViewController.m in Sources */ = {isa = PBXBuildFile; fileRef = 18BA2AB31F5F20FF006290D4 /* StoryViewController.m */; };
		18BA2AB71F5F213B006290D4 /* UserInformationViewController.m in Sources */ = {isa = PBXBuildFile; fileRef = 18BA2AB61F5F213B006290D4 /* UserInformationViewController.m */; };
		18BA2ABA1F5F2148006290D4 /* WishViewController.m in Sources */ = {isa = PBXBuildFile; fileRef = 18BA2AB91F5F2148006290D4 /* WishViewController.m */; };
		18BA2ABF1F5F2221006290D4 /* HTTPRequest.m in Sources */ = {isa = PBXBuildFile; fileRef = 18BA2ABE1F5F221A006290D4 /* HTTPRequest.m */; };
		18BA2AC31F5F2308006290D4 /* AppNavigationController.m in Sources */ = {isa = PBXBuildFile; fileRef = 18BA2AC21F5F2308006290D4 /* AppNavigationController.m */; };
		18BA2ACA1F5F25D0006290D4 /* AppTabBarController.m in Sources */ = {isa = PBXBuildFile; fileRef = 18BA2AC81F5F2354006290D4 /* AppTabBarController.m */; };
		18C0CAF81F60749200EDA2C2 /* AppMainViewController.m in Sources */ = {isa = PBXBuildFile; fileRef = 18C0CAF71F60749200EDA2C2 /* AppMainViewController.m */; };
		18C0CAFB1F60EE3200EDA2C2 /* XYTheme.m in Sources */ = {isa = PBXBuildFile; fileRef = 18C0CAFA1F60EE3200EDA2C2 /* XYTheme.m */; };
		18C0CAFF1F60EF0000EDA2C2 /* NSUserDefaults+XYExtenions.m in Sources */ = {isa = PBXBuildFile; fileRef = 18C0CAFE1F60EF0000EDA2C2 /* NSUserDefaults+XYExtenions.m */; };
		18C0CB031F60F50500EDA2C2 /* UIColor+XYExtension.m in Sources */ = {isa = PBXBuildFile; fileRef = 18C0CB021F60F50500EDA2C2 /* UIColor+XYExtension.m */; };
		18D312B01F606FEE00D5B8A5 /* LaunchScreen.storyboard in Resources */ = {isa = PBXBuildFile; fileRef = 18D312AF1F606FEE00D5B8A5 /* LaunchScreen.storyboard */; };
		69BA6D75781C88352793293C /* libPods-AirbnbDemo.a in Frameworks */ = {isa = PBXBuildFile; fileRef = B22D78FA32AD0CD5049F7C5F /* libPods-AirbnbDemo.a */; };
/* End PBXBuildFile section */

/* Begin PBXFileReference section */
		1821A5D21F62D7410099DA19 /* UIImage+XYExtensionStyle.h */ = {isa = PBXFileReference; lastKnownFileType = sourcecode.c.h; path = "UIImage+XYExtensionStyle.h"; sourceTree = "<group>"; };
		1821A5D31F62D7410099DA19 /* UIImage+XYExtensionStyle.m */ = {isa = PBXFileReference; lastKnownFileType = sourcecode.c.objc; path = "UIImage+XYExtensionStyle.m"; sourceTree = "<group>"; };
		18346FF51F5F280E008D6A81 /* Info.plist */ = {isa = PBXFileReference; lastKnownFileType = text.plist.xml; path = Info.plist; sourceTree = "<group>"; };
		184F9CD61F5F180900FF40A1 /* .gitignore */ = {isa = PBXFileReference; lastKnownFileType = text; path = .gitignore; sourceTree = "<group>"; };
		184F9CDA1F5F180900FF40A1 /* email.png */ = {isa = PBXFileReference; lastKnownFileType = image.png; path = email.png; sourceTree = "<group>"; };
		184F9CDB1F5F180900FF40A1 /* kba.png */ = {isa = PBXFileReference; lastKnownFileType = image.png; path = kba.png; sourceTree = "<group>"; };
		184F9CDC1F5F180900FF40A1 /* phone_via_call.png */ = {isa = PBXFileReference; lastKnownFileType = image.png; path = phone_via_call.png; sourceTree = "<group>"; };
		184F9CDD1F5F180900FF40A1 /* phone_via_sms.png */ = {isa = PBXFileReference; lastKnownFileType = image.png; path = phone_via_sms.png; sourceTree = "<group>"; };
		184F9CE01F5F180900FF40A1 /* email.png */ = {isa = PBXFileReference; lastKnownFileType = image.png; path = email.png; sourceTree = "<group>"; };
		184F9CE11F5F180900FF40A1 /* kba.png */ = {isa = PBXFileReference; lastKnownFileType = image.png; path = kba.png; sourceTree = "<group>"; };
		184F9CE21F5F180900FF40A1 /* phone_via_call.png */ = {isa = PBXFileReference; lastKnownFileType = image.png; path = phone_via_call.png; sourceTree = "<group>"; };
		184F9CE31F5F180900FF40A1 /* phone_via_sms.png */ = {isa = PBXFileReference; lastKnownFileType = image.png; path = phone_via_sms.png; sourceTree = "<group>"; };
		184F9CE61F5F180900FF40A1 /* muted.png */ = {isa = PBXFileReference; lastKnownFileType = image.png; path = muted.png; sourceTree = "<group>"; };
		184F9CE71F5F180900FF40A1 /* nux-experiences.jpg */ = {isa = PBXFileReference; lastKnownFileType = image.jpeg; path = "nux-experiences.jpg"; sourceTree = "<group>"; };
		184F9CE81F5F180900FF40A1 /* nux-homes.jpg */ = {isa = PBXFileReference; lastKnownFileType = image.jpeg; path = "nux-homes.jpg"; sourceTree = "<group>"; };
		184F9CE91F5F180900FF40A1 /* nux-places.jpg */ = {isa = PBXFileReference; lastKnownFileType = image.jpeg; path = "nux-places.jpg"; sourceTree = "<group>"; };
		184F9CEA1F5F180900FF40A1 /* unmuted.png */ = {isa = PBXFileReference; lastKnownFileType = image.png; path = unmuted.png; sourceTree = "<group>"; };
		184F9CED1F5F180900FF40A1 /* thumbs-down.png */ = {isa = PBXFileReference; lastKnownFileType = image.png; path = "thumbs-down.png"; sourceTree = "<group>"; };
		184F9CEE1F5F180900FF40A1 /* thumbs-down@2x.png */ = {isa = PBXFileReference; lastKnownFileType = image.png; path = "thumbs-down@2x.png"; sourceTree = "<group>"; };
		184F9CEF1F5F180900FF40A1 /* thumbs-up.png */ = {isa = PBXFileReference; lastKnownFileType = image.png; path = "thumbs-up.png"; sourceTree = "<group>"; };
		184F9CF01F5F180900FF40A1 /* thumbs-up@2x.png */ = {isa = PBXFileReference; lastKnownFileType = image.png; path = "thumbs-up@2x.png"; sourceTree = "<group>"; };
		184F9CF41F5F180900FF40A1 /* detour.png */ = {isa = PBXFileReference; lastKnownFileType = image.png; path = detour.png; sourceTree = "<group>"; };
		184F9CF51F5F180900FF40A1 /* detour@2x.png */ = {isa = PBXFileReference; lastKnownFileType = image.png; path = "detour@2x.png"; sourceTree = "<group>"; };
		184F9CF61F5F180900FF40A1 /* detour@3x.png */ = {isa = PBXFileReference; lastKnownFileType = image.png; path = "detour@3x.png"; sourceTree = "<group>"; };
		184F9CF71F5F180900FF40A1 /* poweredByFoursquare.png */ = {isa = PBXFileReference; lastKnownFileType = image.png; path = poweredByFoursquare.png; sourceTree = "<group>"; };
		184F9CF81F5F180900FF40A1 /* poweredByFoursquare@2x.png */ = {isa = PBXFileReference; lastKnownFileType = image.png; path = "poweredByFoursquare@2x.png"; sourceTree = "<group>"; };
		184F9CF91F5F180900FF40A1 /* poweredByFoursquare@3x.png */ = {isa = PBXFileReference; lastKnownFileType = image.png; path = "poweredByFoursquare@3x.png"; sourceTree = "<group>"; };
		184F9CFC1F5F180900FF40A1 /* itinerary-empty.gif */ = {isa = PBXFileReference; lastKnownFileType = image.gif; path = "itinerary-empty.gif"; sourceTree = "<group>"; };
		184F9CFD1F5F180900FF40A1 /* itinerary-empty@2x.gif */ = {isa = PBXFileReference; lastKnownFileType = image.gif; path = "itinerary-empty@2x.gif"; sourceTree = "<group>"; };
		184F9CFE1F5F180900FF40A1 /* itinerary-empty@3x.gif */ = {isa = PBXFileReference; lastKnownFileType = image.gif; path = "itinerary-empty@3x.gif"; sourceTree = "<group>"; };
		184F9D011F5F180900FF40A1 /* selfie_help.png */ = {isa = PBXFileReference; lastKnownFileType = image.png; path = selfie_help.png; sourceTree = "<group>"; };
		184F9D061F5F180900FF40A1 /* caret-right.png */ = {isa = PBXFileReference; lastKnownFileType = image.png; path = "caret-right.png"; sourceTree = "<group>"; };
		184F9D071F5F180900FF40A1 /* caret-right@2x.png */ = {isa = PBXFileReference; lastKnownFileType = image.png; path = "caret-right@2x.png"; sourceTree = "<group>"; };
		184F9D0B1F5F180900FF40A1 /* StepIcon-Complete.png */ = {isa = PBXFileReference; lastKnownFileType = image.png; path = "StepIcon-Complete.png"; sourceTree = "<group>"; };
		184F9D0C1F5F180900FF40A1 /* StepIcon-Incomplete.png */ = {isa = PBXFileReference; lastKnownFileType = image.png; path = "StepIcon-Incomplete.png"; sourceTree = "<group>"; };
		184F9D0F1F5F180900FF40A1 /* date_icon.png */ = {isa = PBXFileReference; lastKnownFileType = image.png; path = date_icon.png; sourceTree = "<group>"; };
		184F9D101F5F189500FF40A1 /* CheckIn.json */ = {isa = PBXFileReference; lastKnownFileType = text.json; path = CheckIn.json; sourceTree = "<group>"; };
		184F9D111F5F18B100FF40A1 /* Correct.json */ = {isa = PBXFileReference; lastKnownFileType = text.json; path = Correct.json; sourceTree = "<group>"; };
		184F9D121F5F18D000FF40A1 /* deeplinks.json */ = {isa = PBXFileReference; lastKnownFileType = text.json; path = deeplinks.json; sourceTree = "<group>"; };
		184F9D131F5F18DC00FF40A1 /* diamond_animated.json */ = {isa = PBXFileReference; lastKnownFileType = text.json; path = diamond_animated.json; sourceTree = "<group>"; };
		184F9D151F5F19E600FF40A1 /* push.caf */ = {isa = PBXFileReference; lastKnownFileType = file; path = push.caf; sourceTree = "<group>"; };
		186284AD1F6195DF005E67DE /* NSBundle+XYLocalization.h */ = {isa = PBXFileReference; lastKnownFileType = sourcecode.c.h; path = "NSBundle+XYLocalization.h"; sourceTree = "<group>"; };
		186284AE1F6195DF005E67DE /* NSBundle+XYLocalization.m */ = {isa = PBXFileReference; lastKnownFileType = sourcecode.c.objc; path = "NSBundle+XYLocalization.m"; sourceTree = "<group>"; };
		186284E81F61A83D005E67DE /* Base */ = {isa = PBXFileReference; lastKnownFileType = text.plist.strings; name = Base; path = "Base.lproj/Localizable-Netverify.strings"; sourceTree = "<group>"; };
		186284EA1F61A83D005E67DE /* ca */ = {isa = PBXFileReference; lastKnownFileType = text.plist.strings; name = ca; path = ca.lproj/InfoPlist.strings; sourceTree = "<group>"; };
		186284EC1F61A83D005E67DE /* ca */ = {isa = PBXFileReference; lastKnownFileType = text.plist.strings; name = ca; path = ca.lproj/Localizable.strings; sourceTree = "<group>"; };
		186284EE1F61A83D005E67DE /* ca */ = {isa = PBXFileReference; lastKnownFileType = text.plist.xml; name = ca; path = ca.lproj/support_phone_numbers.plist; sourceTree = "<group>"; };
		186284EF1F61A83D005E67DE /* cs */ = {isa = PBXFileReference; lastKnownFileType = text.plist.strings; name = cs; path = cs.lproj/InfoPlist.strings; sourceTree = "<group>"; };
		186284F01F61A83D005E67DE /* cs */ = {isa = PBXFileReference; lastKnownFileType = text.plist.strings; name = cs; path = cs.lproj/Localizable.strings; sourceTree = "<group>"; };
		186284F11F61A83D005E67DE /* cs */ = {isa = PBXFileReference; lastKnownFileType = text.plist.xml; name = cs; path = cs.lproj/support_phone_numbers.plist; sourceTree = "<group>"; };
		186284F21F61A83D005E67DE /* da */ = {isa = PBXFileReference; lastKnownFileType = text.plist.strings; name = da; path = da.lproj/InfoPlist.strings; sourceTree = "<group>"; };
		186284F31F61A83D005E67DE /* da */ = {isa = PBXFileReference; lastKnownFileType = text.plist.strings; name = da; path = "da.lproj/Localizable-Netverify.strings"; sourceTree = "<group>"; };
		186284F41F61A83D005E67DE /* da */ = {isa = PBXFileReference; lastKnownFileType = text.plist.strings; name = da; path = da.lproj/Localizable.strings; sourceTree = "<group>"; };
		186284F51F61A83D005E67DE /* da */ = {isa = PBXFileReference; lastKnownFileType = text.plist.xml; name = da; path = da.lproj/support_phone_numbers.plist; sourceTree = "<group>"; };
		186284F61F61A83D005E67DE /* de */ = {isa = PBXFileReference; lastKnownFileType = text.plist.strings; name = de; path = de.lproj/InfoPlist.strings; sourceTree = "<group>"; };
		186284F71F61A83D005E67DE /* de */ = {isa = PBXFileReference; lastKnownFileType = text.plist.strings; name = de; path = "de.lproj/Localizable-Netverify.strings"; sourceTree = "<group>"; };
		186284F81F61A83D005E67DE /* de */ = {isa = PBXFileReference; lastKnownFileType = text.plist.strings; name = de; path = de.lproj/Localizable.strings; sourceTree = "<group>"; };
		186284F91F61A83D005E67DE /* de */ = {isa = PBXFileReference; lastKnownFileType = text.plist.xml; name = de; path = de.lproj/support_phone_numbers.plist; sourceTree = "<group>"; };
		186284FA1F61A83D005E67DE /* el */ = {isa = PBXFileReference; lastKnownFileType = text.plist.strings; name = el; path = el.lproj/InfoPlist.strings; sourceTree = "<group>"; };
		186284FB1F61A83D005E67DE /* el */ = {isa = PBXFileReference; lastKnownFileType = text.plist.strings; name = el; path = el.lproj/Localizable.strings; sourceTree = "<group>"; };
		186284FC1F61A83D005E67DE /* el */ = {isa = PBXFileReference; lastKnownFileType = text.plist.xml; name = el; path = el.lproj/support_phone_numbers.plist; sourceTree = "<group>"; };
		186284FD1F61A83D005E67DE /* en */ = {isa = PBXFileReference; lastKnownFileType = text.plist.strings; name = en; path = en.lproj/InfoPlist.strings; sourceTree = "<group>"; };
		186284FE1F61A83D005E67DE /* en */ = {isa = PBXFileReference; lastKnownFileType = text.plist.strings; name = en; path = "en.lproj/Localizable-Netverify.strings"; sourceTree = "<group>"; };
		186284FF1F61A83D005E67DE /* en */ = {isa = PBXFileReference; lastKnownFileType = text.plist.strings; name = en; path = en.lproj/Localizable.strings; sourceTree = "<group>"; };
		186285001F61A83D005E67DE /* en */ = {isa = PBXFileReference; lastKnownFileType = text.plist.xml; name = en; path = en.lproj/support_phone_numbers.plist; sourceTree = "<group>"; };
		186285011F61A83D005E67DE /* en_AU */ = {isa = PBXFileReference; lastKnownFileType = text.plist.strings; name = en_AU; path = en_AU.lproj/InfoPlist.strings; sourceTree = "<group>"; };
		186285021F61A83D005E67DE /* en_AU */ = {isa = PBXFileReference; lastKnownFileType = text.plist.strings; name = en_AU; path = en_AU.lproj/Localizable.strings; sourceTree = "<group>"; };
		186285031F61A83D005E67DE /* en_AU */ = {isa = PBXFileReference; lastKnownFileType = text.plist.xml; name = en_AU; path = en_AU.lproj/support_phone_numbers.plist; sourceTree = "<group>"; };
		186285041F61A83D005E67DE /* en_CA */ = {isa = PBXFileReference; lastKnownFileType = text.plist.strings; name = en_CA; path = en_CA.lproj/InfoPlist.strings; sourceTree = "<group>"; };
		186285051F61A83D005E67DE /* en_CA */ = {isa = PBXFileReference; lastKnownFileType = text.plist.strings; name = en_CA; path = en_CA.lproj/Localizable.strings; sourceTree = "<group>"; };
		186285061F61A83D005E67DE /* en_CA */ = {isa = PBXFileReference; lastKnownFileType = text.plist.xml; name = en_CA; path = en_CA.lproj/support_phone_numbers.plist; sourceTree = "<group>"; };
		186285071F61A83D005E67DE /* en_GB */ = {isa = PBXFileReference; lastKnownFileType = text.plist.strings; name = en_GB; path = en_GB.lproj/InfoPlist.strings; sourceTree = "<group>"; };
		186285081F61A83D005E67DE /* en_GB */ = {isa = PBXFileReference; lastKnownFileType = text.plist.strings; name = en_GB; path = en_GB.lproj/Localizable.strings; sourceTree = "<group>"; };
		186285091F61A83D005E67DE /* en_GB */ = {isa = PBXFileReference; lastKnownFileType = text.plist.xml; name = en_GB; path = en_GB.lproj/support_phone_numbers.plist; sourceTree = "<group>"; };
		1862850A1F61A83D005E67DE /* es */ = {isa = PBXFileReference; lastKnownFileType = text.plist.strings; name = es; path = es.lproj/InfoPlist.strings; sourceTree = "<group>"; };
		1862850B1F61A83D005E67DE /* es */ = {isa = PBXFileReference; lastKnownFileType = text.plist.strings; name = es; path = "es.lproj/Localizable-Netverify.strings"; sourceTree = "<group>"; };
		1862850C1F61A83D005E67DE /* es */ = {isa = PBXFileReference; lastKnownFileType = text.plist.strings; name = es; path = es.lproj/Localizable.strings; sourceTree = "<group>"; };
		1862850D1F61A83D005E67DE /* es */ = {isa = PBXFileReference; lastKnownFileType = text.plist.xml; name = es; path = es.lproj/support_phone_numbers.plist; sourceTree = "<group>"; };
		1862850E1F61A83D005E67DE /* fi */ = {isa = PBXFileReference; lastKnownFileType = text.plist.strings; name = fi; path = fi.lproj/InfoPlist.strings; sourceTree = "<group>"; };
		1862850F1F61A83D005E67DE /* fi */ = {isa = PBXFileReference; lastKnownFileType = text.plist.strings; name = fi; path = "fi.lproj/Localizable-Netverify.strings"; sourceTree = "<group>"; };
		186285101F61A83D005E67DE /* fi */ = {isa = PBXFileReference; lastKnownFileType = text.plist.strings; name = fi; path = fi.lproj/Localizable.strings; sourceTree = "<group>"; };
		186285111F61A83D005E67DE /* fi */ = {isa = PBXFileReference; lastKnownFileType = text.plist.xml; name = fi; path = fi.lproj/support_phone_numbers.plist; sourceTree = "<group>"; };
		186285121F61A83D005E67DE /* fr */ = {isa = PBXFileReference; lastKnownFileType = text.plist.strings; name = fr; path = fr.lproj/InfoPlist.strings; sourceTree = "<group>"; };
		186285131F61A83D005E67DE /* fr */ = {isa = PBXFileReference; lastKnownFileType = text.plist.strings; name = fr; path = "fr.lproj/Localizable-Netverify.strings"; sourceTree = "<group>"; };
		186285141F61A83D005E67DE /* fr */ = {isa = PBXFileReference; lastKnownFileType = text.plist.strings; name = fr; path = fr.lproj/Localizable.strings; sourceTree = "<group>"; };
		186285151F61A83D005E67DE /* fr */ = {isa = PBXFileReference; lastKnownFileType = text.plist.xml; name = fr; path = fr.lproj/support_phone_numbers.plist; sourceTree = "<group>"; };
		186285161F61A83D005E67DE /* hr */ = {isa = PBXFileReference; lastKnownFileType = text.plist.strings; name = hr; path = hr.lproj/Localizable.strings; sourceTree = "<group>"; };
		186285171F61A83D005E67DE /* hu */ = {isa = PBXFileReference; lastKnownFileType = text.plist.strings; name = hu; path = hu.lproj/InfoPlist.strings; sourceTree = "<group>"; };
		186285181F61A83D005E67DE /* hu */ = {isa = PBXFileReference; lastKnownFileType = text.plist.strings; name = hu; path = hu.lproj/Localizable.strings; sourceTree = "<group>"; };
		186285191F61A83D005E67DE /* hu */ = {isa = PBXFileReference; lastKnownFileType = text.plist.xml; name = hu; path = hu.lproj/support_phone_numbers.plist; sourceTree = "<group>"; };
		1862851A1F61A83D005E67DE /* id */ = {isa = PBXFileReference; lastKnownFileType = text.plist.strings; name = id; path = id.lproj/InfoPlist.strings; sourceTree = "<group>"; };
		1862851B1F61A83D005E67DE /* id */ = {isa = PBXFileReference; lastKnownFileType = text.plist.strings; name = id; path = id.lproj/Localizable.strings; sourceTree = "<group>"; };
		1862851C1F61A83D005E67DE /* id */ = {isa = PBXFileReference; lastKnownFileType = text.plist.xml; name = id; path = id.lproj/support_phone_numbers.plist; sourceTree = "<group>"; };
		1862851D1F61A83D005E67DE /* is */ = {isa = PBXFileReference; lastKnownFileType = text.plist.strings; name = is; path = is.lproj/InfoPlist.strings; sourceTree = "<group>"; };
		1862851E1F61A83D005E67DE /* is */ = {isa = PBXFileReference; lastKnownFileType = text.plist.strings; name = is; path = is.lproj/Localizable.strings; sourceTree = "<group>"; };
		1862851F1F61A83D005E67DE /* is */ = {isa = PBXFileReference; lastKnownFileType = text.plist.xml; name = is; path = is.lproj/support_phone_numbers.plist; sourceTree = "<group>"; };
		186285201F61A83D005E67DE /* it */ = {isa = PBXFileReference; lastKnownFileType = text.plist.strings; name = it; path = it.lproj/InfoPlist.strings; sourceTree = "<group>"; };
		186285211F61A83D005E67DE /* it */ = {isa = PBXFileReference; lastKnownFileType = text.plist.strings; name = it; path = "it.lproj/Localizable-Netverify.strings"; sourceTree = "<group>"; };
		186285221F61A83D005E67DE /* it */ = {isa = PBXFileReference; lastKnownFileType = text.plist.strings; name = it; path = it.lproj/Localizable.strings; sourceTree = "<group>"; };
		186285231F61A83D005E67DE /* it */ = {isa = PBXFileReference; lastKnownFileType = text.plist.xml; name = it; path = it.lproj/support_phone_numbers.plist; sourceTree = "<group>"; };
		186285241F61A83D005E67DE /* ja */ = {isa = PBXFileReference; lastKnownFileType = text.plist.strings; name = ja; path = ja.lproj/InfoPlist.strings; sourceTree = "<group>"; };
		186285251F61A83D005E67DE /* ja */ = {isa = PBXFileReference; lastKnownFileType = text.plist.strings; name = ja; path = "ja.lproj/Localizable-Netverify.strings"; sourceTree = "<group>"; };
		186285261F61A83D005E67DE /* ja */ = {isa = PBXFileReference; lastKnownFileType = text.plist.strings; name = ja; path = ja.lproj/Localizable.strings; sourceTree = "<group>"; };
		186285271F61A83D005E67DE /* ja */ = {isa = PBXFileReference; lastKnownFileType = text.plist.xml; name = ja; path = ja.lproj/support_phone_numbers.plist; sourceTree = "<group>"; };
		186285281F61A83D005E67DE /* ko */ = {isa = PBXFileReference; lastKnownFileType = text.plist.strings; name = ko; path = ko.lproj/InfoPlist.strings; sourceTree = "<group>"; };
		186285291F61A83D005E67DE /* ko */ = {isa = PBXFileReference; lastKnownFileType = text.plist.strings; name = ko; path = "ko.lproj/Localizable-Netverify.strings"; sourceTree = "<group>"; };
		1862852A1F61A83D005E67DE /* ko */ = {isa = PBXFileReference; lastKnownFileType = text.plist.strings; name = ko; path = ko.lproj/Localizable.strings; sourceTree = "<group>"; };
		1862852B1F61A83D005E67DE /* ko */ = {isa = PBXFileReference; lastKnownFileType = text.plist.xml; name = ko; path = ko.lproj/support_phone_numbers.plist; sourceTree = "<group>"; };
		1862852C1F61A83D005E67DE /* ms */ = {isa = PBXFileReference; lastKnownFileType = text.plist.strings; name = ms; path = ms.lproj/InfoPlist.strings; sourceTree = "<group>"; };
		1862852D1F61A83D005E67DE /* ms */ = {isa = PBXFileReference; lastKnownFileType = text.plist.strings; name = ms; path = ms.lproj/Localizable.strings; sourceTree = "<group>"; };
		1862852E1F61A83D005E67DE /* ms */ = {isa = PBXFileReference; lastKnownFileType = text.plist.xml; name = ms; path = ms.lproj/support_phone_numbers.plist; sourceTree = "<group>"; };
		1862852F1F61A83D005E67DE /* nb */ = {isa = PBXFileReference; lastKnownFileType = text.plist.strings; name = nb; path = nb.lproj/InfoPlist.strings; sourceTree = "<group>"; };
		186285301F61A83D005E67DE /* nb */ = {isa = PBXFileReference; lastKnownFileType = text.plist.strings; name = nb; path = nb.lproj/Localizable.strings; sourceTree = "<group>"; };
		186285311F61A83D005E67DE /* nb */ = {isa = PBXFileReference; lastKnownFileType = text.plist.xml; name = nb; path = nb.lproj/support_phone_numbers.plist; sourceTree = "<group>"; };
		186285321F61A83D005E67DE /* nl */ = {isa = PBXFileReference; lastKnownFileType = text.plist.strings; name = nl; path = nl.lproj/InfoPlist.strings; sourceTree = "<group>"; };
		186285331F61A83D005E67DE /* nl */ = {isa = PBXFileReference; lastKnownFileType = text.plist.strings; name = nl; path = "nl.lproj/Localizable-Netverify.strings"; sourceTree = "<group>"; };
		186285341F61A83D005E67DE /* nl */ = {isa = PBXFileReference; lastKnownFileType = text.plist.strings; name = nl; path = nl.lproj/Localizable.strings; sourceTree = "<group>"; };
		186285351F61A83D005E67DE /* nl */ = {isa = PBXFileReference; lastKnownFileType = text.plist.xml; name = nl; path = nl.lproj/support_phone_numbers.plist; sourceTree = "<group>"; };
		186285361F61A83D005E67DE /* pl */ = {isa = PBXFileReference; lastKnownFileType = text.plist.strings; name = pl; path = pl.lproj/InfoPlist.strings; sourceTree = "<group>"; };
		186285371F61A83D005E67DE /* pl */ = {isa = PBXFileReference; lastKnownFileType = text.plist.strings; name = pl; path = pl.lproj/Localizable.strings; sourceTree = "<group>"; };
		186285381F61A83D005E67DE /* pl */ = {isa = PBXFileReference; lastKnownFileType = text.plist.xml; name = pl; path = pl.lproj/support_phone_numbers.plist; sourceTree = "<group>"; };
		186285391F61A83D005E67DE /* pt-PT */ = {isa = PBXFileReference; lastKnownFileType = text.plist.strings; name = "pt-PT"; path = "pt-PT.lproj/InfoPlist.strings"; sourceTree = "<group>"; };
		1862853A1F61A83D005E67DE /* pt-PT */ = {isa = PBXFileReference; lastKnownFileType = text.plist.strings; name = "pt-PT"; path = "pt-PT.lproj/Localizable-Netverify.strings"; sourceTree = "<group>"; };
		1862853B1F61A83D005E67DE /* pt-PT */ = {isa = PBXFileReference; lastKnownFileType = text.plist.strings; name = "pt-PT"; path = "pt-PT.lproj/Localizable.strings"; sourceTree = "<group>"; };
		1862853C1F61A83D005E67DE /* pt-PT */ = {isa = PBXFileReference; lastKnownFileType = text.plist.xml; name = "pt-PT"; path = "pt-PT.lproj/support_phone_numbers.plist"; sourceTree = "<group>"; };
		1862853D1F61A83D005E67DE /* pt */ = {isa = PBXFileReference; lastKnownFileType = text.plist.strings; name = pt; path = pt.lproj/InfoPlist.strings; sourceTree = "<group>"; };
		1862853E1F61A83D005E67DE /* pt */ = {isa = PBXFileReference; lastKnownFileType = text.plist.strings; name = pt; path = "pt.lproj/Localizable-Netverify.strings"; sourceTree = "<group>"; };
		1862853F1F61A83D005E67DE /* pt */ = {isa = PBXFileReference; lastKnownFileType = text.plist.strings; name = pt; path = pt.lproj/Localizable.strings; sourceTree = "<group>"; };
		186285401F61A83D005E67DE /* pt */ = {isa = PBXFileReference; lastKnownFileType = text.plist.xml; name = pt; path = pt.lproj/support_phone_numbers.plist; sourceTree = "<group>"; };
		186285411F61A83D005E67DE /* ro */ = {isa = PBXFileReference; lastKnownFileType = text.plist.strings; name = ro; path = "ro.lproj/Localizable-Netverify.strings"; sourceTree = "<group>"; };
		186285421F61A83D005E67DE /* ru */ = {isa = PBXFileReference; lastKnownFileType = text.plist.strings; name = ru; path = ru.lproj/InfoPlist.strings; sourceTree = "<group>"; };
		186285431F61A83D005E67DE /* ru */ = {isa = PBXFileReference; lastKnownFileType = text.plist.strings; name = ru; path = "ru.lproj/Localizable-Netverify.strings"; sourceTree = "<group>"; };
		186285441F61A83D005E67DE /* ru */ = {isa = PBXFileReference; lastKnownFileType = text.plist.strings; name = ru; path = ru.lproj/Localizable.strings; sourceTree = "<group>"; };
		186285451F61A83D005E67DE /* ru */ = {isa = PBXFileReference; lastKnownFileType = text.plist.xml; name = ru; path = ru.lproj/support_phone_numbers.plist; sourceTree = "<group>"; };
		186285461F61A83D005E67DE /* sv */ = {isa = PBXFileReference; lastKnownFileType = text.plist.strings; name = sv; path = sv.lproj/InfoPlist.strings; sourceTree = "<group>"; };
		186285471F61A83D005E67DE /* sv */ = {isa = PBXFileReference; lastKnownFileType = text.plist.strings; name = sv; path = "sv.lproj/Localizable-Netverify.strings"; sourceTree = "<group>"; };
		186285481F61A83D005E67DE /* sv */ = {isa = PBXFileReference; lastKnownFileType = text.plist.strings; name = sv; path = sv.lproj/Localizable.strings; sourceTree = "<group>"; };
		186285491F61A83D005E67DE /* sv */ = {isa = PBXFileReference; lastKnownFileType = text.plist.xml; name = sv; path = sv.lproj/support_phone_numbers.plist; sourceTree = "<group>"; };
		1862854A1F61A83D005E67DE /* th */ = {isa = PBXFileReference; lastKnownFileType = text.plist.strings; name = th; path = th.lproj/InfoPlist.strings; sourceTree = "<group>"; };
		1862854B1F61A83D005E67DE /* th */ = {isa = PBXFileReference; lastKnownFileType = text.plist.strings; name = th; path = "th.lproj/Localizable-Netverify.strings"; sourceTree = "<group>"; };
		1862854C1F61A83D005E67DE /* th */ = {isa = PBXFileReference; lastKnownFileType = text.plist.strings; name = th; path = th.lproj/Localizable.strings; sourceTree = "<group>"; };
		1862854D1F61A83D005E67DE /* th */ = {isa = PBXFileReference; lastKnownFileType = text.plist.xml; name = th; path = th.lproj/support_phone_numbers.plist; sourceTree = "<group>"; };
		1862854E1F61A83D005E67DE /* tr */ = {isa = PBXFileReference; lastKnownFileType = text.plist.strings; name = tr; path = tr.lproj/InfoPlist.strings; sourceTree = "<group>"; };
		1862854F1F61A83D005E67DE /* tr */ = {isa = PBXFileReference; lastKnownFileType = text.plist.strings; name = tr; path = "tr.lproj/Localizable-Netverify.strings"; sourceTree = "<group>"; };
		186285501F61A83D005E67DE /* tr */ = {isa = PBXFileReference; lastKnownFileType = text.plist.strings; name = tr; path = tr.lproj/Localizable.strings; sourceTree = "<group>"; };
		186285511F61A83D005E67DE /* tr */ = {isa = PBXFileReference; lastKnownFileType = text.plist.xml; name = tr; path = tr.lproj/support_phone_numbers.plist; sourceTree = "<group>"; };
		186285521F61A83D005E67DE /* zh-Hans */ = {isa = PBXFileReference; lastKnownFileType = text.plist.strings; name = "zh-Hans"; path = "zh-Hans.lproj/InfoPlist.strings"; sourceTree = "<group>"; };
		186285531F61A83D005E67DE /* zh-Hans */ = {isa = PBXFileReference; lastKnownFileType = text.plist.strings; name = "zh-Hans"; path = "zh-Hans.lproj/Localizable-Netverify.strings"; sourceTree = "<group>"; };
		186285541F61A83D005E67DE /* zh-Hans */ = {isa = PBXFileReference; lastKnownFileType = text.plist.strings; name = "zh-Hans"; path = "zh-Hans.lproj/Localizable.strings"; sourceTree = "<group>"; };
		186285551F61A83D005E67DE /* zh-Hans */ = {isa = PBXFileReference; lastKnownFileType = text.plist.xml; name = "zh-Hans"; path = "zh-Hans.lproj/support_phone_numbers.plist"; sourceTree = "<group>"; };
		186285561F61A83D005E67DE /* zh-Hant */ = {isa = PBXFileReference; lastKnownFileType = text.plist.strings; name = "zh-Hant"; path = "zh-Hant.lproj/InfoPlist.strings"; sourceTree = "<group>"; };
		186285571F61A83D005E67DE /* zh-Hant */ = {isa = PBXFileReference; lastKnownFileType = text.plist.strings; name = "zh-Hant"; path = "zh-Hant.lproj/Localizable-Netverify.strings"; sourceTree = "<group>"; };
		186285581F61A83D005E67DE /* zh-Hant */ = {isa = PBXFileReference; lastKnownFileType = text.plist.strings; name = "zh-Hant"; path = "zh-Hant.lproj/Localizable.strings"; sourceTree = "<group>"; };
		186285591F61A83D005E67DE /* zh-Hant */ = {isa = PBXFileReference; lastKnownFileType = text.plist.xml; name = "zh-Hant"; path = "zh-Hant.lproj/support_phone_numbers.plist"; sourceTree = "<group>"; };
		18AB48191F5BD73C0048B760 /* AirbnbDemo.app */ = {isa = PBXFileReference; explicitFileType = wrapper.application; includeInIndex = 0; path = AirbnbDemo.app; sourceTree = BUILT_PRODUCTS_DIR; };
		18AB48361F5BDAB10048B760 /* AppDelegate.h */ = {isa = PBXFileReference; lastKnownFileType = sourcecode.c.h; path = AppDelegate.h; sourceTree = "<group>"; };
		18AB48371F5BDAB10048B760 /* AppDelegate.m */ = {isa = PBXFileReference; lastKnownFileType = sourcecode.c.objc; path = AppDelegate.m; sourceTree = "<group>"; };
		18AB48391F5BDAB10048B760 /* main.m */ = {isa = PBXFileReference; lastKnownFileType = sourcecode.c.objc; path = main.m; sourceTree = "<group>"; };
		18AB48401F5BDAC70048B760 /* Assets.xcassets */ = {isa = PBXFileReference; lastKnownFileType = folder.assetcatalog; path = Assets.xcassets; sourceTree = "<group>"; };
		18BA2AAC1F5F20B8006290D4 /* ExploreViewController.h */ = {isa = PBXFileReference; lastKnownFileType = sourcecode.c.h; path = ExploreViewController.h; sourceTree = "<group>"; };
		18BA2AAD1F5F20B8006290D4 /* ExploreViewController.m */ = {isa = PBXFileReference; lastKnownFileType = sourcecode.c.objc; path = ExploreViewController.m; sourceTree = "<group>"; };
		18BA2AAF1F5F20F3006290D4 /* InboxViewController.h */ = {isa = PBXFileReference; lastKnownFileType = sourcecode.c.h; path = InboxViewController.h; sourceTree = "<group>"; };
		18BA2AB01F5F20F3006290D4 /* InboxViewController.m */ = {isa = PBXFileReference; lastKnownFileType = sourcecode.c.objc; path = InboxViewController.m; sourceTree = "<group>"; };
		18BA2AB21F5F20FF006290D4 /* StoryViewController.h */ = {isa = PBXFileReference; lastKnownFileType = sourcecode.c.h; path = StoryViewController.h; sourceTree = "<group>"; };
		18BA2AB31F5F20FF006290D4 /* StoryViewController.m */ = {isa = PBXFileReference; lastKnownFileType = sourcecode.c.objc; path = StoryViewController.m; sourceTree = "<group>"; };
		18BA2AB51F5F213B006290D4 /* UserInformationViewController.h */ = {isa = PBXFileReference; lastKnownFileType = sourcecode.c.h; path = UserInformationViewController.h; sourceTree = "<group>"; };
		18BA2AB61F5F213B006290D4 /* UserInformationViewController.m */ = {isa = PBXFileReference; lastKnownFileType = sourcecode.c.objc; path = UserInformationViewController.m; sourceTree = "<group>"; };
		18BA2AB81F5F2148006290D4 /* WishViewController.h */ = {isa = PBXFileReference; lastKnownFileType = sourcecode.c.h; path = WishViewController.h; sourceTree = "<group>"; };
		18BA2AB91F5F2148006290D4 /* WishViewController.m */ = {isa = PBXFileReference; lastKnownFileType = sourcecode.c.objc; path = WishViewController.m; sourceTree = "<group>"; };
		18BA2ABD1F5F221A006290D4 /* HTTPRequest.h */ = {isa = PBXFileReference; lastKnownFileType = sourcecode.c.h; path = HTTPRequest.h; sourceTree = "<group>"; };
		18BA2ABE1F5F221A006290D4 /* HTTPRequest.m */ = {isa = PBXFileReference; lastKnownFileType = sourcecode.c.objc; path = HTTPRequest.m; sourceTree = "<group>"; };
		18BA2AC11F5F2308006290D4 /* AppNavigationController.h */ = {isa = PBXFileReference; lastKnownFileType = sourcecode.c.h; path = AppNavigationController.h; sourceTree = "<group>"; };
		18BA2AC21F5F2308006290D4 /* AppNavigationController.m */ = {isa = PBXFileReference; lastKnownFileType = sourcecode.c.objc; path = AppNavigationController.m; sourceTree = "<group>"; };
		18BA2AC71F5F2354006290D4 /* AppTabBarController.h */ = {isa = PBXFileReference; lastKnownFileType = sourcecode.c.h; path = AppTabBarController.h; sourceTree = "<group>"; };
		18BA2AC81F5F2354006290D4 /* AppTabBarController.m */ = {isa = PBXFileReference; lastKnownFileType = sourcecode.c.objc; path = AppTabBarController.m; sourceTree = "<group>"; };
		18C0CAF61F60749200EDA2C2 /* AppMainViewController.h */ = {isa = PBXFileReference; lastKnownFileType = sourcecode.c.h; path = AppMainViewController.h; sourceTree = "<group>"; };
		18C0CAF71F60749200EDA2C2 /* AppMainViewController.m */ = {isa = PBXFileReference; lastKnownFileType = sourcecode.c.objc; path = AppMainViewController.m; sourceTree = "<group>"; };
		18C0CAF91F60EE3200EDA2C2 /* XYTheme.h */ = {isa = PBXFileReference; lastKnownFileType = sourcecode.c.h; path = XYTheme.h; sourceTree = "<group>"; };
		18C0CAFA1F60EE3200EDA2C2 /* XYTheme.m */ = {isa = PBXFileReference; lastKnownFileType = sourcecode.c.objc; path = XYTheme.m; sourceTree = "<group>"; };
		18C0CAFD1F60EF0000EDA2C2 /* NSUserDefaults+XYExtenions.h */ = {isa = PBXFileReference; lastKnownFileType = sourcecode.c.h; path = "NSUserDefaults+XYExtenions.h"; sourceTree = "<group>"; };
		18C0CAFE1F60EF0000EDA2C2 /* NSUserDefaults+XYExtenions.m */ = {isa = PBXFileReference; lastKnownFileType = sourcecode.c.objc; path = "NSUserDefaults+XYExtenions.m"; sourceTree = "<group>"; };
		18C0CB001F60F09F00EDA2C2 /* Airbnb.pch */ = {isa = PBXFileReference; lastKnownFileType = sourcecode.c.h; path = Airbnb.pch; sourceTree = "<group>"; };
		18C0CB011F60F50500EDA2C2 /* UIColor+XYExtension.h */ = {isa = PBXFileReference; lastKnownFileType = sourcecode.c.h; path = "UIColor+XYExtension.h"; sourceTree = "<group>"; };
		18C0CB021F60F50500EDA2C2 /* UIColor+XYExtension.m */ = {isa = PBXFileReference; lastKnownFileType = sourcecode.c.objc; path = "UIColor+XYExtension.m"; sourceTree = "<group>"; };
		18D312AF1F606FEE00D5B8A5 /* LaunchScreen.storyboard */ = {isa = PBXFileReference; fileEncoding = 4; lastKnownFileType = file.storyboard; path = LaunchScreen.storyboard; sourceTree = "<group>"; };
		6989EDE6C84D9108299F9C73 /* Pods-AirbnbDemo.debug.xcconfig */ = {isa = PBXFileReference; includeInIndex = 1; lastKnownFileType = text.xcconfig; name = "Pods-AirbnbDemo.debug.xcconfig"; path = "Pods/Target Support Files/Pods-AirbnbDemo/Pods-AirbnbDemo.debug.xcconfig"; sourceTree = "<group>"; };
		B22D78FA32AD0CD5049F7C5F /* libPods-AirbnbDemo.a */ = {isa = PBXFileReference; explicitFileType = archive.ar; includeInIndex = 0; path = "libPods-AirbnbDemo.a"; sourceTree = BUILT_PRODUCTS_DIR; };
		C92BC923D9583D53C49FC1BF /* Pods-AirbnbDemo.release.xcconfig */ = {isa = PBXFileReference; includeInIndex = 1; lastKnownFileType = text.xcconfig; name = "Pods-AirbnbDemo.release.xcconfig"; path = "Pods/Target Support Files/Pods-AirbnbDemo/Pods-AirbnbDemo.release.xcconfig"; sourceTree = "<group>"; };
/* End PBXFileReference section */

/* Begin PBXFrameworksBuildPhase section */
		18AB48161F5BD73C0048B760 /* Frameworks */ = {
			isa = PBXFrameworksBuildPhase;
			buildActionMask = 2147483647;
			files = (
				69BA6D75781C88352793293C /* libPods-AirbnbDemo.a in Frameworks */,
			);
			runOnlyForDeploymentPostprocessing = 0;
		};
/* End PBXFrameworksBuildPhase section */

/* Begin PBXGroup section */
		184F9CD51F5F180900FF40A1 /* assets */ = {
			isa = PBXGroup;
			children = (
				184F9CD61F5F180900FF40A1 /* .gitignore */,
				184F9CD71F5F180900FF40A1 /* apps */,
				184F9D021F5F180900FF40A1 /* lib */,
				184F9D0D1F5F180900FF40A1 /* node_modules */,
			);
			path = assets;
			sourceTree = "<group>";
		};
		184F9CD71F5F180900FF40A1 /* apps */ = {
			isa = PBXGroup;
			children = (
				184F9CD81F5F180900FF40A1 /* Airlock */,
				184F9CDE1F5F180900FF40A1 /* AirlockWithAPIV1 */,
				184F9CE41F5F180900FF40A1 /* CityHostsGuest */,
				184F9CEB1F5F180900FF40A1 /* CityHostsManager */,
				184F9CF11F5F180900FF40A1 /* Guidebook */,
				184F9CFA1F5F180900FF40A1 /* Itinerary */,
				184F9CFF1F5F180900FF40A1 /* Verifications */,
			);
			path = apps;
			sourceTree = "<group>";
		};
		184F9CD81F5F180900FF40A1 /* Airlock */ = {
			isa = PBXGroup;
			children = (
				184F9CD91F5F180900FF40A1 /* icons */,
			);
			path = Airlock;
			sourceTree = "<group>";
		};
		184F9CD91F5F180900FF40A1 /* icons */ = {
			isa = PBXGroup;
			children = (
				184F9CDA1F5F180900FF40A1 /* email.png */,
				184F9CDB1F5F180900FF40A1 /* kba.png */,
				184F9CDC1F5F180900FF40A1 /* phone_via_call.png */,
				184F9CDD1F5F180900FF40A1 /* phone_via_sms.png */,
			);
			path = icons;
			sourceTree = "<group>";
		};
		184F9CDE1F5F180900FF40A1 /* AirlockWithAPIV1 */ = {
			isa = PBXGroup;
			children = (
				184F9CDF1F5F180900FF40A1 /* icons */,
			);
			path = AirlockWithAPIV1;
			sourceTree = "<group>";
		};
		184F9CDF1F5F180900FF40A1 /* icons */ = {
			isa = PBXGroup;
			children = (
				184F9CE01F5F180900FF40A1 /* email.png */,
				184F9CE11F5F180900FF40A1 /* kba.png */,
				184F9CE21F5F180900FF40A1 /* phone_via_call.png */,
				184F9CE31F5F180900FF40A1 /* phone_via_sms.png */,
			);
			path = icons;
			sourceTree = "<group>";
		};
		184F9CE41F5F180900FF40A1 /* CityHostsGuest */ = {
			isa = PBXGroup;
			children = (
				184F9CE51F5F180900FF40A1 /* images */,
			);
			path = CityHostsGuest;
			sourceTree = "<group>";
		};
		184F9CE51F5F180900FF40A1 /* images */ = {
			isa = PBXGroup;
			children = (
				184F9CE61F5F180900FF40A1 /* muted.png */,
				184F9CE71F5F180900FF40A1 /* nux-experiences.jpg */,
				184F9CE81F5F180900FF40A1 /* nux-homes.jpg */,
				184F9CE91F5F180900FF40A1 /* nux-places.jpg */,
				184F9CEA1F5F180900FF40A1 /* unmuted.png */,
			);
			path = images;
			sourceTree = "<group>";
		};
		184F9CEB1F5F180900FF40A1 /* CityHostsManager */ = {
			isa = PBXGroup;
			children = (
				184F9CEC1F5F180900FF40A1 /* images */,
			);
			path = CityHostsManager;
			sourceTree = "<group>";
		};
		184F9CEC1F5F180900FF40A1 /* images */ = {
			isa = PBXGroup;
			children = (
				184F9CED1F5F180900FF40A1 /* thumbs-down.png */,
				184F9CEE1F5F180900FF40A1 /* thumbs-down@2x.png */,
				184F9CEF1F5F180900FF40A1 /* thumbs-up.png */,
				184F9CF01F5F180900FF40A1 /* thumbs-up@2x.png */,
			);
			path = images;
			sourceTree = "<group>";
		};
		184F9CF11F5F180900FF40A1 /* Guidebook */ = {
			isa = PBXGroup;
			children = (
				184F9CF21F5F180900FF40A1 /* images */,
			);
			path = Guidebook;
			sourceTree = "<group>";
		};
		184F9CF21F5F180900FF40A1 /* images */ = {
			isa = PBXGroup;
			children = (
				184F9CF31F5F180900FF40A1 /* icons */,
				184F9CF71F5F180900FF40A1 /* poweredByFoursquare.png */,
				184F9CF81F5F180900FF40A1 /* poweredByFoursquare@2x.png */,
				184F9CF91F5F180900FF40A1 /* poweredByFoursquare@3x.png */,
			);
			path = images;
			sourceTree = "<group>";
		};
		184F9CF31F5F180900FF40A1 /* icons */ = {
			isa = PBXGroup;
			children = (
				184F9CF41F5F180900FF40A1 /* detour.png */,
				184F9CF51F5F180900FF40A1 /* detour@2x.png */,
				184F9CF61F5F180900FF40A1 /* detour@3x.png */,
			);
			path = icons;
			sourceTree = "<group>";
		};
		184F9CFA1F5F180900FF40A1 /* Itinerary */ = {
			isa = PBXGroup;
			children = (
				184F9CFB1F5F180900FF40A1 /* images */,
			);
			path = Itinerary;
			sourceTree = "<group>";
		};
		184F9CFB1F5F180900FF40A1 /* images */ = {
			isa = PBXGroup;
			children = (
				184F9CFC1F5F180900FF40A1 /* itinerary-empty.gif */,
				184F9CFD1F5F180900FF40A1 /* itinerary-empty@2x.gif */,
				184F9CFE1F5F180900FF40A1 /* itinerary-empty@3x.gif */,
			);
			path = images;
			sourceTree = "<group>";
		};
		184F9CFF1F5F180900FF40A1 /* Verifications */ = {
			isa = PBXGroup;
			children = (
				184F9D001F5F180900FF40A1 /* images */,
			);
			path = Verifications;
			sourceTree = "<group>";
		};
		184F9D001F5F180900FF40A1 /* images */ = {
			isa = PBXGroup;
			children = (
				184F9D011F5F180900FF40A1 /* selfie_help.png */,
			);
			path = images;
			sourceTree = "<group>";
		};
		184F9D021F5F180900FF40A1 /* lib */ = {
			isa = PBXGroup;
			children = (
				184F9D031F5F180900FF40A1 /* airbnb-dls */,
			);
			path = lib;
			sourceTree = "<group>";
		};
		184F9D031F5F180900FF40A1 /* airbnb-dls */ = {
			isa = PBXGroup;
			children = (
				184F9D041F5F180900FF40A1 /* lib */,
				184F9D081F5F180900FF40A1 /* team */,
			);
			path = "airbnb-dls";
			sourceTree = "<group>";
		};
		184F9D041F5F180900FF40A1 /* lib */ = {
			isa = PBXGroup;
			children = (
				184F9D051F5F180900FF40A1 /* images */,
			);
			path = lib;
			sourceTree = "<group>";
		};
		184F9D051F5F180900FF40A1 /* images */ = {
			isa = PBXGroup;
			children = (
				184F9D061F5F180900FF40A1 /* caret-right.png */,
				184F9D071F5F180900FF40A1 /* caret-right@2x.png */,
			);
			path = images;
			sourceTree = "<group>";
		};
		184F9D081F5F180900FF40A1 /* team */ = {
			isa = PBXGroup;
			children = (
				184F9D091F5F180900FF40A1 /* trust */,
			);
			path = team;
			sourceTree = "<group>";
		};
		184F9D091F5F180900FF40A1 /* trust */ = {
			isa = PBXGroup;
			children = (
				184F9D0A1F5F180900FF40A1 /* images */,
			);
			path = trust;
			sourceTree = "<group>";
		};
		184F9D0A1F5F180900FF40A1 /* images */ = {
			isa = PBXGroup;
			children = (
				184F9D0B1F5F180900FF40A1 /* StepIcon-Complete.png */,
				184F9D0C1F5F180900FF40A1 /* StepIcon-Incomplete.png */,
			);
			path = images;
			sourceTree = "<group>";
		};
		184F9D0D1F5F180900FF40A1 /* node_modules */ = {
			isa = PBXGroup;
			children = (
				184F9D0E1F5F180900FF40A1 /* react-native-datepicker */,
			);
			path = node_modules;
			sourceTree = "<group>";
		};
		184F9D0E1F5F180900FF40A1 /* react-native-datepicker */ = {
			isa = PBXGroup;
			children = (
				184F9D0F1F5F180900FF40A1 /* date_icon.png */,
			);
			path = "react-native-datepicker";
			sourceTree = "<group>";
		};
		184F9D141F5F195500FF40A1 /* Frameworks */ = {
			isa = PBXGroup;
			children = (
			);
			path = Frameworks;
			sourceTree = "<group>";
		};
		186284E61F61A83D005E67DE /* Localizations */ = {
			isa = PBXGroup;
			children = (
				186284E71F61A83D005E67DE /* Localizable-Netverify.strings */,
				186284E91F61A83D005E67DE /* InfoPlist.strings */,
				186284EB1F61A83D005E67DE /* Localizable.strings */,
				186284ED1F61A83D005E67DE /* support_phone_numbers.plist */,
			);
			path = Localizations;
			sourceTree = "<group>";
		};
		18AB48101F5BD73C0048B760 = {
			isa = PBXGroup;
			children = (
				18AB481B1F5BD73C0048B760 /* AirbnbDemo */,
				18AB481A1F5BD73C0048B760 /* Products */,
				A9EF15B8ABF5105A875A1D09 /* Pods */,
				1E402A2017162FC31733E54F /* Frameworks */,
			);
			sourceTree = "<group>";
		};
		18AB481A1F5BD73C0048B760 /* Products */ = {
			isa = PBXGroup;
			children = (
				18AB48191F5BD73C0048B760 /* AirbnbDemo.app */,
			);
			name = Products;
			sourceTree = "<group>";
		};
		18AB481B1F5BD73C0048B760 /* AirbnbDemo */ = {
			isa = PBXGroup;
			children = (
				18AB48321F5BDAB10048B760 /* Airbnb */,
			);
			path = AirbnbDemo;
			sourceTree = "<group>";
		};
		18AB48321F5BDAB10048B760 /* Airbnb */ = {
			isa = PBXGroup;
			children = (
				186284E61F61A83D005E67DE /* Localizations */,
				184F9D141F5F195500FF40A1 /* Frameworks */,
				18AB48341F5BDAB10048B760 /* Code */,
				18AB483D1F5BDAB10048B760 /* Fonts */,
				18AB483F1F5BDAB10048B760 /* Resources */,
			);
			path = Airbnb;
			sourceTree = "<group>";
		};
		18AB48341F5BDAB10048B760 /* Code */ = {
			isa = PBXGroup;
			children = (
				18C0CAFC1F60EEB100EDA2C2 /* Category */,
				18AB48351F5BDAB10048B760 /* Application */,
				18AB483A1F5BDAB10048B760 /* Common */,
				18AB483B1F5BDAB10048B760 /* Features */,
				18AB483C1F5BDAB10048B760 /* ThirdParty */,
			);
			path = Code;
			sourceTree = "<group>";
		};
		18AB48351F5BDAB10048B760 /* Application */ = {
			isa = PBXGroup;
			children = (
				18BA2AC01F5F22F5006290D4 /* App view controllers */,
				18AB48361F5BDAB10048B760 /* AppDelegate.h */,
				18AB48371F5BDAB10048B760 /* AppDelegate.m */,
				18AB48391F5BDAB10048B760 /* main.m */,
			);
			path = Application;
			sourceTree = "<group>";
		};
		18AB483A1F5BDAB10048B760 /* Common */ = {
			isa = PBXGroup;
			children = (
				18BA2ABC1F5F221A006290D4 /* HTTP */,
				18BA2ABB1F5F21E9006290D4 /* UI Components */,
			);
			path = Common;
			sourceTree = "<group>";
		};
		18AB483B1F5BDAB10048B760 /* Features */ = {
			isa = PBXGroup;
			children = (
				18BA2A9C1F5F206C006290D4 /* Explore */,
				18BA2AA01F5F206C006290D4 /* Inbox */,
				18BA2A981F5F206C006290D4 /* Story */,
				18BA2AA81F5F206C006290D4 /* User */,
				18BA2AA41F5F206C006290D4 /* Wish */,
			);
			path = Features;
			sourceTree = "<group>";
		};
		18AB483C1F5BDAB10048B760 /* ThirdParty */ = {
			isa = PBXGroup;
			children = (
			);
			path = ThirdParty;
			sourceTree = "<group>";
		};
		18AB483D1F5BDAB10048B760 /* Fonts */ = {
			isa = PBXGroup;
			children = (
			);
			path = Fonts;
			sourceTree = "<group>";
		};
		18AB483F1F5BDAB10048B760 /* Resources */ = {
			isa = PBXGroup;
			children = (
				18346FF51F5F280E008D6A81 /* Info.plist */,
				184F9D151F5F19E600FF40A1 /* push.caf */,
				184F9D131F5F18DC00FF40A1 /* diamond_animated.json */,
				184F9D121F5F18D000FF40A1 /* deeplinks.json */,
				184F9D111F5F18B100FF40A1 /* Correct.json */,
				184F9D101F5F189500FF40A1 /* CheckIn.json */,
				184F9CD51F5F180900FF40A1 /* assets */,
				18AB48401F5BDAC70048B760 /* Assets.xcassets */,
				18D312AF1F606FEE00D5B8A5 /* LaunchScreen.storyboard */,
				18C0CB001F60F09F00EDA2C2 /* Airbnb.pch */,
			);
			path = Resources;
			sourceTree = "<group>";
		};
		18BA2A981F5F206C006290D4 /* Story */ = {
			isa = PBXGroup;
			children = (
				18BA2A991F5F206C006290D4 /* Model */,
				18BA2A9A1F5F206C006290D4 /* View */,
				18BA2A9B1F5F206C006290D4 /* ViewController */,
			);
			path = Story;
			sourceTree = "<group>";
		};
		18BA2A991F5F206C006290D4 /* Model */ = {
			isa = PBXGroup;
			children = (
			);
			path = Model;
			sourceTree = "<group>";
		};
		18BA2A9A1F5F206C006290D4 /* View */ = {
			isa = PBXGroup;
			children = (
			);
			path = View;
			sourceTree = "<group>";
		};
		18BA2A9B1F5F206C006290D4 /* ViewController */ = {
			isa = PBXGroup;
			children = (
				18BA2AB21F5F20FF006290D4 /* StoryViewController.h */,
				18BA2AB31F5F20FF006290D4 /* StoryViewController.m */,
			);
			path = ViewController;
			sourceTree = "<group>";
		};
		18BA2A9C1F5F206C006290D4 /* Explore */ = {
			isa = PBXGroup;
			children = (
				18BA2A9D1F5F206C006290D4 /* Model */,
				18BA2A9E1F5F206C006290D4 /* View */,
				18BA2A9F1F5F206C006290D4 /* ViewController */,
			);
			path = Explore;
			sourceTree = "<group>";
		};
		18BA2A9D1F5F206C006290D4 /* Model */ = {
			isa = PBXGroup;
			children = (
			);
			path = Model;
			sourceTree = "<group>";
		};
		18BA2A9E1F5F206C006290D4 /* View */ = {
			isa = PBXGroup;
			children = (
			);
			path = View;
			sourceTree = "<group>";
		};
		18BA2A9F1F5F206C006290D4 /* ViewController */ = {
			isa = PBXGroup;
			children = (
				18BA2AAC1F5F20B8006290D4 /* ExploreViewController.h */,
				18BA2AAD1F5F20B8006290D4 /* ExploreViewController.m */,
			);
			path = ViewController;
			sourceTree = "<group>";
		};
		18BA2AA01F5F206C006290D4 /* Inbox */ = {
			isa = PBXGroup;
			children = (
				18BA2AA11F5F206C006290D4 /* Model */,
				18BA2AA21F5F206C006290D4 /* View */,
				18BA2AA31F5F206C006290D4 /* ViewController */,
			);
			path = Inbox;
			sourceTree = "<group>";
		};
		18BA2AA11F5F206C006290D4 /* Model */ = {
			isa = PBXGroup;
			children = (
			);
			path = Model;
			sourceTree = "<group>";
		};
		18BA2AA21F5F206C006290D4 /* View */ = {
			isa = PBXGroup;
			children = (
			);
			path = View;
			sourceTree = "<group>";
		};
		18BA2AA31F5F206C006290D4 /* ViewController */ = {
			isa = PBXGroup;
			children = (
				18BA2AAF1F5F20F3006290D4 /* InboxViewController.h */,
				18BA2AB01F5F20F3006290D4 /* InboxViewController.m */,
			);
			path = ViewController;
			sourceTree = "<group>";
		};
		18BA2AA41F5F206C006290D4 /* Wish */ = {
			isa = PBXGroup;
			children = (
				18BA2AA51F5F206C006290D4 /* Model */,
				18BA2AA61F5F206C006290D4 /* View */,
				18BA2AA71F5F206C006290D4 /* ViewController */,
			);
			path = Wish;
			sourceTree = "<group>";
		};
		18BA2AA51F5F206C006290D4 /* Model */ = {
			isa = PBXGroup;
			children = (
			);
			path = Model;
			sourceTree = "<group>";
		};
		18BA2AA61F5F206C006290D4 /* View */ = {
			isa = PBXGroup;
			children = (
			);
			path = View;
			sourceTree = "<group>";
		};
		18BA2AA71F5F206C006290D4 /* ViewController */ = {
			isa = PBXGroup;
			children = (
				18BA2AB81F5F2148006290D4 /* WishViewController.h */,
				18BA2AB91F5F2148006290D4 /* WishViewController.m */,
			);
			path = ViewController;
			sourceTree = "<group>";
		};
		18BA2AA81F5F206C006290D4 /* User */ = {
			isa = PBXGroup;
			children = (
				18BA2AA91F5F206C006290D4 /* Model */,
				18BA2AAA1F5F206C006290D4 /* View */,
				18BA2AAB1F5F206C006290D4 /* ViewController */,
			);
			path = User;
			sourceTree = "<group>";
		};
		18BA2AA91F5F206C006290D4 /* Model */ = {
			isa = PBXGroup;
			children = (
			);
			path = Model;
			sourceTree = "<group>";
		};
		18BA2AAA1F5F206C006290D4 /* View */ = {
			isa = PBXGroup;
			children = (
			);
			path = View;
			sourceTree = "<group>";
		};
		18BA2AAB1F5F206C006290D4 /* ViewController */ = {
			isa = PBXGroup;
			children = (
				18BA2AB51F5F213B006290D4 /* UserInformationViewController.h */,
				18BA2AB61F5F213B006290D4 /* UserInformationViewController.m */,
			);
			path = ViewController;
			sourceTree = "<group>";
		};
		18BA2ABB1F5F21E9006290D4 /* UI Components */ = {
			isa = PBXGroup;
			children = (
				18C0CAF91F60EE3200EDA2C2 /* XYTheme.h */,
				18C0CAFA1F60EE3200EDA2C2 /* XYTheme.m */,
			);
			path = "UI Components";
			sourceTree = "<group>";
		};
		18BA2ABC1F5F221A006290D4 /* HTTP */ = {
			isa = PBXGroup;
			children = (
				18BA2ABD1F5F221A006290D4 /* HTTPRequest.h */,
				18BA2ABE1F5F221A006290D4 /* HTTPRequest.m */,
			);
			path = HTTP;
			sourceTree = "<group>";
		};
		18BA2AC01F5F22F5006290D4 /* App view controllers */ = {
			isa = PBXGroup;
			children = (
				18BA2AC11F5F2308006290D4 /* AppNavigationController.h */,
				18BA2AC21F5F2308006290D4 /* AppNavigationController.m */,
				18BA2AC71F5F2354006290D4 /* AppTabBarController.h */,
				18BA2AC81F5F2354006290D4 /* AppTabBarController.m */,
				18C0CAF61F60749200EDA2C2 /* AppMainViewController.h */,
				18C0CAF71F60749200EDA2C2 /* AppMainViewController.m */,
			);
			path = "App view controllers";
			sourceTree = "<group>";
		};
		18C0CAFC1F60EEB100EDA2C2 /* Category */ = {
			isa = PBXGroup;
			children = (
				18C0CAFD1F60EF0000EDA2C2 /* NSUserDefaults+XYExtenions.h */,
				18C0CAFE1F60EF0000EDA2C2 /* NSUserDefaults+XYExtenions.m */,
				18C0CB011F60F50500EDA2C2 /* UIColor+XYExtension.h */,
				18C0CB021F60F50500EDA2C2 /* UIColor+XYExtension.m */,
				186284AD1F6195DF005E67DE /* NSBundle+XYLocalization.h */,
				186284AE1F6195DF005E67DE /* NSBundle+XYLocalization.m */,
				1821A5D21F62D7410099DA19 /* UIImage+XYExtensionStyle.h */,
				1821A5D31F62D7410099DA19 /* UIImage+XYExtensionStyle.m */,
			);
			path = Category;
			sourceTree = "<group>";
		};
		1E402A2017162FC31733E54F /* Frameworks */ = {
			isa = PBXGroup;
			children = (
				B22D78FA32AD0CD5049F7C5F /* libPods-AirbnbDemo.a */,
			);
			name = Frameworks;
			sourceTree = "<group>";
		};
		A9EF15B8ABF5105A875A1D09 /* Pods */ = {
			isa = PBXGroup;
			children = (
				6989EDE6C84D9108299F9C73 /* Pods-AirbnbDemo.debug.xcconfig */,
				C92BC923D9583D53C49FC1BF /* Pods-AirbnbDemo.release.xcconfig */,
			);
			name = Pods;
			sourceTree = "<group>";
		};
/* End PBXGroup section */

/* Begin PBXNativeTarget section */
		18AB48181F5BD73C0048B760 /* AirbnbDemo */ = {
			isa = PBXNativeTarget;
			buildConfigurationList = 18AB482F1F5BD73C0048B760 /* Build configuration list for PBXNativeTarget "AirbnbDemo" */;
			buildPhases = (
				D6251A8F70F19881005C2085 /* [CP] Check Pods Manifest.lock */,
				18AB48151F5BD73C0048B760 /* Sources */,
				18AB48161F5BD73C0048B760 /* Frameworks */,
				18AB48171F5BD73C0048B760 /* Resources */,
				AD456D93A6B628795C026F12 /* [CP] Embed Pods Frameworks */,
				709D9BAE21B9930F3D887187 /* [CP] Copy Pods Resources */,
			);
			buildRules = (
			);
			dependencies = (
			);
			name = AirbnbDemo;
			productName = AirbnbDemo;
			productReference = 18AB48191F5BD73C0048B760 /* AirbnbDemo.app */;
			productType = "com.apple.product-type.application";
		};
/* End PBXNativeTarget section */

/* Begin PBXProject section */
		18AB48111F5BD73C0048B760 /* Project object */ = {
			isa = PBXProject;
			attributes = {
				LastUpgradeCheck = 0900;
				ORGANIZATIONNAME = Ossey;
				TargetAttributes = {
					18AB48181F5BD73C0048B760 = {
						CreatedOnToolsVersion = 9.0;
						ProvisioningStyle = Automatic;
					};
				};
			};
			buildConfigurationList = 18AB48141F5BD73C0048B760 /* Build configuration list for PBXProject "AirbnbDemo" */;
			compatibilityVersion = "Xcode 8.0";
			developmentRegion = en;
			hasScannedForEncodings = 0;
			knownRegions = (
				en,
				Base,
				hr,
				en_CA,
				hu,
				ro,
				it,
				pt,
				ko,
				en_AU,
				sv,
				fi,
				pl,
				cs,
				en_GB,
				nb,
				es,
				id,
				fr,
				ms,
				"pt-PT",
				th,
				nl,
				"zh-Hant",
				ja,
				el,
				de,
				ru,
				is,
				da,
				ca,
				tr,
				"zh-Hans",
			);
			mainGroup = 18AB48101F5BD73C0048B760;
			productRefGroup = 18AB481A1F5BD73C0048B760 /* Products */;
			projectDirPath = "";
			projectRoot = "";
			targets = (
				18AB48181F5BD73C0048B760 /* AirbnbDemo */,
			);
		};
/* End PBXProject section */

/* Begin PBXResourcesBuildPhase section */
		18AB48171F5BD73C0048B760 /* Resources */ = {
			isa = PBXResourcesBuildPhase;
			buildActionMask = 2147483647;
			files = (
				1821A5D61F62E1F60099DA19 /* Localizable-Netverify.strings in Resources */,
				1821A5D51F62E1D00099DA19 /* InfoPlist.strings in Resources */,
				1821A5BF1F62B33E0099DA19 /* Localizable.strings in Resources */,
				186284AC1F6194C4005E67DE /* Assets.xcassets in Resources */,
				18D312B01F606FEE00D5B8A5 /* LaunchScreen.storyboard in Resources */,
			);
			runOnlyForDeploymentPostprocessing = 0;
		};
/* End PBXResourcesBuildPhase section */

/* Begin PBXShellScriptBuildPhase section */
		709D9BAE21B9930F3D887187 /* [CP] Copy Pods Resources */ = {
			isa = PBXShellScriptBuildPhase;
			buildActionMask = 2147483647;
			files = (
			);
			inputPaths = (
			);
			name = "[CP] Copy Pods Resources";
			outputPaths = (
			);
			runOnlyForDeploymentPostprocessing = 0;
			shellPath = /bin/sh;
			shellScript = "\"${SRCROOT}/Pods/Target Support Files/Pods-AirbnbDemo/Pods-AirbnbDemo-resources.sh\"\n";
			showEnvVarsInLog = 0;
		};
		AD456D93A6B628795C026F12 /* [CP] Embed Pods Frameworks */ = {
			isa = PBXShellScriptBuildPhase;
			buildActionMask = 2147483647;
			files = (
			);
			inputPaths = (
			);
			name = "[CP] Embed Pods Frameworks";
			outputPaths = (
			);
			runOnlyForDeploymentPostprocessing = 0;
			shellPath = /bin/sh;
			shellScript = "\"${SRCROOT}/Pods/Target Support Files/Pods-AirbnbDemo/Pods-AirbnbDemo-frameworks.sh\"\n";
			showEnvVarsInLog = 0;
		};
		D6251A8F70F19881005C2085 /* [CP] Check Pods Manifest.lock */ = {
			isa = PBXShellScriptBuildPhase;
			buildActionMask = 2147483647;
			files = (
			);
			inputPaths = (
			);
			name = "[CP] Check Pods Manifest.lock";
			outputPaths = (
			);
			runOnlyForDeploymentPostprocessing = 0;
			shellPath = /bin/sh;
			shellScript = "diff \"${PODS_ROOT}/../Podfile.lock\" \"${PODS_ROOT}/Manifest.lock\" > /dev/null\nif [ $? != 0 ] ; then\n    # print error to STDERR\n    echo \"error: The sandbox is not in sync with the Podfile.lock. Run 'pod install' or update your CocoaPods installation.\" >&2\n    exit 1\nfi\n";
			showEnvVarsInLog = 0;
		};
/* End PBXShellScriptBuildPhase section */

/* Begin PBXSourcesBuildPhase section */
		18AB48151F5BD73C0048B760 /* Sources */ = {
			isa = PBXSourcesBuildPhase;
			buildActionMask = 2147483647;
			files = (
				18BA2AAE1F5F20B8006290D4 /* ExploreViewController.m in Sources */,
				18BA2ABF1F5F2221006290D4 /* HTTPRequest.m in Sources */,
				18BA2ABA1F5F2148006290D4 /* WishViewController.m in Sources */,
				18AB48441F5BDB210048B760 /* AppDelegate.m in Sources */,
				18C0CAFB1F60EE3200EDA2C2 /* XYTheme.m in Sources */,
				18BA2AB71F5F213B006290D4 /* UserInformationViewController.m in Sources */,
				18BA2AC31F5F2308006290D4 /* AppNavigationController.m in Sources */,
				18BA2AB41F5F20FF006290D4 /* StoryViewController.m in Sources */,
				18C0CB031F60F50500EDA2C2 /* UIColor+XYExtension.m in Sources */,
				18C0CAFF1F60EF0000EDA2C2 /* NSUserDefaults+XYExtenions.m in Sources */,
				1821A5D41F62D7410099DA19 /* UIImage+XYExtensionStyle.m in Sources */,
				18BA2ACA1F5F25D0006290D4 /* AppTabBarController.m in Sources */,
				186284AF1F6195DF005E67DE /* NSBundle+XYLocalization.m in Sources */,
				18BA2AB11F5F20F3006290D4 /* InboxViewController.m in Sources */,
				18AB48411F5BDAD50048B760 /* main.m in Sources */,
				18C0CAF81F60749200EDA2C2 /* AppMainViewController.m in Sources */,
			);
			runOnlyForDeploymentPostprocessing = 0;
		};
/* End PBXSourcesBuildPhase section */

/* Begin PBXVariantGroup section */
		186284E71F61A83D005E67DE /* Localizable-Netverify.strings */ = {
			isa = PBXVariantGroup;
			children = (
				186284E81F61A83D005E67DE /* Base */,
				186284F31F61A83D005E67DE /* da */,
				186284F71F61A83D005E67DE /* de */,
				186284FE1F61A83D005E67DE /* en */,
				1862850B1F61A83D005E67DE /* es */,
				1862850F1F61A83D005E67DE /* fi */,
				186285131F61A83D005E67DE /* fr */,
				186285211F61A83D005E67DE /* it */,
				186285251F61A83D005E67DE /* ja */,
				186285291F61A83D005E67DE /* ko */,
				186285331F61A83D005E67DE /* nl */,
				1862853A1F61A83D005E67DE /* pt-PT */,
				1862853E1F61A83D005E67DE /* pt */,
				186285411F61A83D005E67DE /* ro */,
				186285431F61A83D005E67DE /* ru */,
				186285471F61A83D005E67DE /* sv */,
				1862854B1F61A83D005E67DE /* th */,
				1862854F1F61A83D005E67DE /* tr */,
				186285531F61A83D005E67DE /* zh-Hans */,
				186285571F61A83D005E67DE /* zh-Hant */,
			);
			name = "Localizable-Netverify.strings";
			sourceTree = "<group>";
		};
		186284E91F61A83D005E67DE /* InfoPlist.strings */ = {
			isa = PBXVariantGroup;
			children = (
				186284EA1F61A83D005E67DE /* ca */,
				186284EF1F61A83D005E67DE /* cs */,
				186284F21F61A83D005E67DE /* da */,
				186284F61F61A83D005E67DE /* de */,
				186284FA1F61A83D005E67DE /* el */,
				186284FD1F61A83D005E67DE /* en */,
				186285011F61A83D005E67DE /* en_AU */,
				186285041F61A83D005E67DE /* en_CA */,
				186285071F61A83D005E67DE /* en_GB */,
				1862850A1F61A83D005E67DE /* es */,
				1862850E1F61A83D005E67DE /* fi */,
				186285121F61A83D005E67DE /* fr */,
				186285171F61A83D005E67DE /* hu */,
				1862851A1F61A83D005E67DE /* id */,
				1862851D1F61A83D005E67DE /* is */,
				186285201F61A83D005E67DE /* it */,
				186285241F61A83D005E67DE /* ja */,
				186285281F61A83D005E67DE /* ko */,
				1862852C1F61A83D005E67DE /* ms */,
				1862852F1F61A83D005E67DE /* nb */,
				186285321F61A83D005E67DE /* nl */,
				186285361F61A83D005E67DE /* pl */,
				186285391F61A83D005E67DE /* pt-PT */,
				1862853D1F61A83D005E67DE /* pt */,
				186285421F61A83D005E67DE /* ru */,
				186285461F61A83D005E67DE /* sv */,
				1862854A1F61A83D005E67DE /* th */,
				1862854E1F61A83D005E67DE /* tr */,
				186285521F61A83D005E67DE /* zh-Hans */,
				186285561F61A83D005E67DE /* zh-Hant */,
			);
			name = InfoPlist.strings;
			sourceTree = "<group>";
		};
		186284EB1F61A83D005E67DE /* Localizable.strings */ = {
			isa = PBXVariantGroup;
			children = (
				186284EC1F61A83D005E67DE /* ca */,
				186284F01F61A83D005E67DE /* cs */,
				186284F41F61A83D005E67DE /* da */,
				186284F81F61A83D005E67DE /* de */,
				186284FB1F61A83D005E67DE /* el */,
				186284FF1F61A83D005E67DE /* en */,
				186285021F61A83D005E67DE /* en_AU */,
				186285051F61A83D005E67DE /* en_CA */,
				186285081F61A83D005E67DE /* en_GB */,
				1862850C1F61A83D005E67DE /* es */,
				186285101F61A83D005E67DE /* fi */,
				186285141F61A83D005E67DE /* fr */,
				186285161F61A83D005E67DE /* hr */,
				186285181F61A83D005E67DE /* hu */,
				1862851B1F61A83D005E67DE /* id */,
				1862851E1F61A83D005E67DE /* is */,
				186285221F61A83D005E67DE /* it */,
				186285261F61A83D005E67DE /* ja */,
				1862852A1F61A83D005E67DE /* ko */,
				1862852D1F61A83D005E67DE /* ms */,
				186285301F61A83D005E67DE /* nb */,
				186285341F61A83D005E67DE /* nl */,
				186285371F61A83D005E67DE /* pl */,
				1862853B1F61A83D005E67DE /* pt-PT */,
				1862853F1F61A83D005E67DE /* pt */,
				186285441F61A83D005E67DE /* ru */,
				186285481F61A83D005E67DE /* sv */,
				1862854C1F61A83D005E67DE /* th */,
				186285501F61A83D005E67DE /* tr */,
				186285541F61A83D005E67DE /* zh-Hans */,
				186285581F61A83D005E67DE /* zh-Hant */,
			);
			name = Localizable.strings;
			sourceTree = "<group>";
		};
		186284ED1F61A83D005E67DE /* support_phone_numbers.plist */ = {
			isa = PBXVariantGroup;
			children = (
				186284EE1F61A83D005E67DE /* ca */,
				186284F11F61A83D005E67DE /* cs */,
				186284F51F61A83D005E67DE /* da */,
				186284F91F61A83D005E67DE /* de */,
				186284FC1F61A83D005E67DE /* el */,
				186285001F61A83D005E67DE /* en */,
				186285031F61A83D005E67DE /* en_AU */,
				186285061F61A83D005E67DE /* en_CA */,
				186285091F61A83D005E67DE /* en_GB */,
				1862850D1F61A83D005E67DE /* es */,
				186285111F61A83D005E67DE /* fi */,
				186285151F61A83D005E67DE /* fr */,
				186285191F61A83D005E67DE /* hu */,
				1862851C1F61A83D005E67DE /* id */,
				1862851F1F61A83D005E67DE /* is */,
				186285231F61A83D005E67DE /* it */,
				186285271F61A83D005E67DE /* ja */,
				1862852B1F61A83D005E67DE /* ko */,
				1862852E1F61A83D005E67DE /* ms */,
				186285311F61A83D005E67DE /* nb */,
				186285351F61A83D005E67DE /* nl */,
				186285381F61A83D005E67DE /* pl */,
				1862853C1F61A83D005E67DE /* pt-PT */,
				186285401F61A83D005E67DE /* pt */,
				186285451F61A83D005E67DE /* ru */,
				186285491F61A83D005E67DE /* sv */,
				1862854D1F61A83D005E67DE /* th */,
				186285511F61A83D005E67DE /* tr */,
				186285551F61A83D005E67DE /* zh-Hans */,
				186285591F61A83D005E67DE /* zh-Hant */,
			);
			name = support_phone_numbers.plist;
			sourceTree = "<group>";
		};
/* End PBXVariantGroup section */

/* Begin XCBuildConfiguration section */
		18AB482D1F5BD73C0048B760 /* Debug */ = {
			isa = XCBuildConfiguration;
			buildSettings = {
				ALWAYS_SEARCH_USER_PATHS = NO;
				CLANG_ANALYZER_NONNULL = YES;
				CLANG_ANALYZER_NUMBER_OBJECT_CONVERSION = YES_AGGRESSIVE;
				CLANG_CXX_LANGUAGE_STANDARD = "gnu++14";
				CLANG_CXX_LIBRARY = "libc++";
				CLANG_ENABLE_MODULES = YES;
				CLANG_ENABLE_OBJC_ARC = YES;
				CLANG_WARN_BLOCK_CAPTURE_AUTORELEASING = YES;
				CLANG_WARN_BOOL_CONVERSION = YES;
				CLANG_WARN_COMMA = YES;
				CLANG_WARN_CONSTANT_CONVERSION = YES;
				CLANG_WARN_DIRECT_OBJC_ISA_USAGE = YES_ERROR;
				CLANG_WARN_DOCUMENTATION_COMMENTS = YES;
				CLANG_WARN_EMPTY_BODY = YES;
				CLANG_WARN_ENUM_CONVERSION = YES;
				CLANG_WARN_INFINITE_RECURSION = YES;
				CLANG_WARN_INT_CONVERSION = YES;
				CLANG_WARN_NON_LITERAL_NULL_CONVERSION = YES;
				CLANG_WARN_OBJC_LITERAL_CONVERSION = YES;
				CLANG_WARN_OBJC_ROOT_CLASS = YES_ERROR;
				CLANG_WARN_RANGE_LOOP_ANALYSIS = YES;
				CLANG_WARN_STRICT_PROTOTYPES = YES;
				CLANG_WARN_SUSPICIOUS_MOVE = YES;
				CLANG_WARN_UNGUARDED_AVAILABILITY = YES_AGGRESSIVE;
				CLANG_WARN_UNREACHABLE_CODE = YES;
				CLANG_WARN__DUPLICATE_METHOD_MATCH = YES;
				CODE_SIGN_IDENTITY = "iPhone Developer";
				COPY_PHASE_STRIP = NO;
				DEBUG_INFORMATION_FORMAT = dwarf;
				ENABLE_STRICT_OBJC_MSGSEND = YES;
				ENABLE_TESTABILITY = YES;
				GCC_C_LANGUAGE_STANDARD = gnu11;
				GCC_DYNAMIC_NO_PIC = NO;
				GCC_NO_COMMON_BLOCKS = YES;
				GCC_OPTIMIZATION_LEVEL = 0;
				GCC_PREPROCESSOR_DEFINITIONS = (
					"DEBUG=1",
					"$(inherited)",
				);
				GCC_WARN_64_TO_32_BIT_CONVERSION = YES;
				GCC_WARN_ABOUT_RETURN_TYPE = YES_ERROR;
				GCC_WARN_UNDECLARED_SELECTOR = YES;
				GCC_WARN_UNINITIALIZED_AUTOS = YES_AGGRESSIVE;
				GCC_WARN_UNUSED_FUNCTION = YES;
				GCC_WARN_UNUSED_VARIABLE = YES;
				IPHONEOS_DEPLOYMENT_TARGET = 11.0;
				MTL_ENABLE_DEBUG_INFO = YES;
				ONLY_ACTIVE_ARCH = YES;
				SDKROOT = iphoneos;
			};
			name = Debug;
		};
		18AB482E1F5BD73C0048B760 /* Release */ = {
			isa = XCBuildConfiguration;
			buildSettings = {
				ALWAYS_SEARCH_USER_PATHS = NO;
				CLANG_ANALYZER_NONNULL = YES;
				CLANG_ANALYZER_NUMBER_OBJECT_CONVERSION = YES_AGGRESSIVE;
				CLANG_CXX_LANGUAGE_STANDARD = "gnu++14";
				CLANG_CXX_LIBRARY = "libc++";
				CLANG_ENABLE_MODULES = YES;
				CLANG_ENABLE_OBJC_ARC = YES;
				CLANG_WARN_BLOCK_CAPTURE_AUTORELEASING = YES;
				CLANG_WARN_BOOL_CONVERSION = YES;
				CLANG_WARN_COMMA = YES;
				CLANG_WARN_CONSTANT_CONVERSION = YES;
				CLANG_WARN_DIRECT_OBJC_ISA_USAGE = YES_ERROR;
				CLANG_WARN_DOCUMENTATION_COMMENTS = YES;
				CLANG_WARN_EMPTY_BODY = YES;
				CLANG_WARN_ENUM_CONVERSION = YES;
				CLANG_WARN_INFINITE_RECURSION = YES;
				CLANG_WARN_INT_CONVERSION = YES;
				CLANG_WARN_NON_LITERAL_NULL_CONVERSION = YES;
				CLANG_WARN_OBJC_LITERAL_CONVERSION = YES;
				CLANG_WARN_OBJC_ROOT_CLASS = YES_ERROR;
				CLANG_WARN_RANGE_LOOP_ANALYSIS = YES;
				CLANG_WARN_STRICT_PROTOTYPES = YES;
				CLANG_WARN_SUSPICIOUS_MOVE = YES;
				CLANG_WARN_UNGUARDED_AVAILABILITY = YES_AGGRESSIVE;
				CLANG_WARN_UNREACHABLE_CODE = YES;
				CLANG_WARN__DUPLICATE_METHOD_MATCH = YES;
				CODE_SIGN_IDENTITY = "iPhone Developer";
				COPY_PHASE_STRIP = NO;
				DEBUG_INFORMATION_FORMAT = "dwarf-with-dsym";
				ENABLE_NS_ASSERTIONS = NO;
				ENABLE_STRICT_OBJC_MSGSEND = YES;
				GCC_C_LANGUAGE_STANDARD = gnu11;
				GCC_NO_COMMON_BLOCKS = YES;
				GCC_WARN_64_TO_32_BIT_CONVERSION = YES;
				GCC_WARN_ABOUT_RETURN_TYPE = YES_ERROR;
				GCC_WARN_UNDECLARED_SELECTOR = YES;
				GCC_WARN_UNINITIALIZED_AUTOS = YES_AGGRESSIVE;
				GCC_WARN_UNUSED_FUNCTION = YES;
				GCC_WARN_UNUSED_VARIABLE = YES;
				IPHONEOS_DEPLOYMENT_TARGET = 11.0;
				MTL_ENABLE_DEBUG_INFO = NO;
				SDKROOT = iphoneos;
				VALIDATE_PRODUCT = YES;
			};
			name = Release;
		};
		18AB48301F5BD73C0048B760 /* Debug */ = {
			isa = XCBuildConfiguration;
			baseConfigurationReference = 6989EDE6C84D9108299F9C73 /* Pods-AirbnbDemo.debug.xcconfig */;
			buildSettings = {
				ASSETCATALOG_COMPILER_APPICON_NAME = AppIcon;
				CODE_SIGN_STYLE = Automatic;
				DEVELOPMENT_TEAM = NKW67GFDHM;
				GCC_PRECOMPILE_PREFIX_HEADER = YES;
				GCC_PREFIX_HEADER = AirbnbDemo/Airbnb/Resources/Airbnb.pch;
				GCC_PREPROCESSOR_DEFINITIONS = (
					"$(inherited)",
					"COCOAPODS=1",
					"SOURCE_ROOT_DIR=@\\\"\"$(SOURCE_ROOT)\"\\\"",
				);
				INFOPLIST_FILE = AirbnbDemo/Airbnb/Resources/Info.plist;
				IPHONEOS_DEPLOYMENT_TARGET = 9.0;
				LD_RUNPATH_SEARCH_PATHS = "$(inherited) @executable_path/Frameworks";
				PRODUCT_BUNDLE_IDENTIFIER = com.ossey.AirbnbDemo;
				PRODUCT_NAME = "$(TARGET_NAME)";
				TARGETED_DEVICE_FAMILY = "1,2";
			};
			name = Debug;
		};
		18AB48311F5BD73C0048B760 /* Release */ = {
			isa = XCBuildConfiguration;
			baseConfigurationReference = C92BC923D9583D53C49FC1BF /* Pods-AirbnbDemo.release.xcconfig */;
			buildSettings = {
				ASSETCATALOG_COMPILER_APPICON_NAME = AppIcon;
				CODE_SIGN_STYLE = Automatic;
				DEVELOPMENT_TEAM = NKW67GFDHM;
				GCC_PRECOMPILE_PREFIX_HEADER = YES;
				GCC_PREFIX_HEADER = AirbnbDemo/Airbnb/Resources/Airbnb.pch;
				GCC_PREPROCESSOR_DEFINITIONS = (
					"$(inherited)",
					"COCOAPODS=1",
					"SOURCE_ROOT_DIR=@\\\"\"$(SOURCE_ROOT)\"\\\"",
				);
				INFOPLIST_FILE = AirbnbDemo/Airbnb/Resources/Info.plist;
				IPHONEOS_DEPLOYMENT_TARGET = 9.0;
				LD_RUNPATH_SEARCH_PATHS = "$(inherited) @executable_path/Frameworks";
				PRODUCT_BUNDLE_IDENTIFIER = com.ossey.AirbnbDemo;
				PRODUCT_NAME = "$(TARGET_NAME)";
				TARGETED_DEVICE_FAMILY = "1,2";
			};
			name = Release;
		};
/* End XCBuildConfiguration section */

/* Begin XCConfigurationList section */
		18AB48141F5BD73C0048B760 /* Build configuration list for PBXProject "AirbnbDemo" */ = {
			isa = XCConfigurationList;
			buildConfigurations = (
				18AB482D1F5BD73C0048B760 /* Debug */,
				18AB482E1F5BD73C0048B760 /* Release */,
			);
			defaultConfigurationIsVisible = 0;
			defaultConfigurationName = Release;
		};
		18AB482F1F5BD73C0048B760 /* Build configuration list for PBXNativeTarget "AirbnbDemo" */ = {
			isa = XCConfigurationList;
			buildConfigurations = (
				18AB48301F5BD73C0048B760 /* Debug */,
				18AB48311F5BD73C0048B760 /* Release */,
			);
			defaultConfigurationIsVisible = 0;
			defaultConfigurationName = Release;
		};
/* End XCConfigurationList section */
	};
	rootObject = 18AB48111F5BD73C0048B760 /* Project object */;
}
