// !$*UTF8*$!
{
	archiveVersion = 1;
	classes = {
	};
	objectVersion = 48;
	objects = {

/* Begin PBXBuildFile section */
		18783A741F5D9DFA00D3F2EE /* HTTPRequest.m in Sources */ = {isa = PBXBuildFile; fileRef = 18783A721F5D9DEE00D3F2EE /* HTTPRequest.m */; };
		18AB48411F5BDAD50048B760 /* main.m in Sources */ = {isa = PBXBuildFile; fileRef = 18AB48391F5BDAB10048B760 /* main.m */; };
		18AB48441F5BDB210048B760 /* AppDelegate.m in Sources */ = {isa = PBXBuildFile; fileRef = 18AB48371F5BDAB10048B760 /* AppDelegate.m */; };
		69BA6D75781C88352793293C /* libPods-AirbnbDemo.a in Frameworks */ = {isa = PBXBuildFile; fileRef = B22D78FA32AD0CD5049F7C5F /* libPods-AirbnbDemo.a */; };
/* End PBXBuildFile section */

/* Begin PBXFileReference section */
		184F9CD61F5F180900FF40A1 /* .gitignore */ = {isa = PBXFileReference; lastKnownFileType = text; path = .gitignore; sourceTree = "<group>"; };
		184F9CDA1F5F180900FF40A1 /* email.png */ = {isa = PBXFileReference; lastKnownFileType = image.png; path = email.png; sourceTree = "<group>"; };
		184F9CDB1F5F180900FF40A1 /* kba.png */ = {isa = PBXFileReference; lastKnownFileType = image.png; path = kba.png; sourceTree = "<group>"; };
		184F9CDC1F5F180900FF40A1 /* phone_via_call.png */ = {isa = PBXFileReference; lastKnownFileType = image.png; path = phone_via_call.png; sourceTree = "<group>"; };
		184F9CDD1F5F180900FF40A1 /* phone_via_sms.png */ = {isa = PBXFileReference; lastKnownFileType = image.png; path = phone_via_sms.png; sourceTree = "<group>"; };
		184F9CE01F5F180900FF40A1 /* email.png */ = {isa = PBXFileReference; lastKnownFileType = image.png; path = email.png; sourceTree = "<group>"; };
		184F9CE11F5F180900FF40A1 /* kba.png */ = {isa = PBXFileReference; lastKnownFileType = image.png; path = kba.png; sourceTree = "<group>"; };
		184F9CE21F5F180900FF40A1 /* phone_via_call.png */ = {isa = PBXFileReference; lastKnownFileType = image.png; path = phone_via_call.png; sourceTree = "<group>"; };
		184F9CE31F5F180900FF40A1 /* phone_via_sms.png */ = {isa = PBXFileReference; lastKnownFileType = image.png; path = phone_via_sms.png; sourceTree = "<group>"; };
		184F9CE61F5F180900FF40A1 /* muted.png */ = {isa = PBXFileReference; lastKnownFileType = image.png; path = muted.png; sourceTree = "<group>"; };
		184F9CE71F5F180900FF40A1 /* nux-experiences.jpg */ = {isa = PBXFileReference; lastKnownFileType = image.jpeg; path = "nux-experiences.jpg"; sourceTree = "<group>"; };
		184F9CE81F5F180900FF40A1 /* nux-homes.jpg */ = {isa = PBXFileReference; lastKnownFileType = image.jpeg; path = "nux-homes.jpg"; sourceTree = "<group>"; };
		184F9CE91F5F180900FF40A1 /* nux-places.jpg */ = {isa = PBXFileReference; lastKnownFileType = image.jpeg; path = "nux-places.jpg"; sourceTree = "<group>"; };
		184F9CEA1F5F180900FF40A1 /* unmuted.png */ = {isa = PBXFileReference; lastKnownFileType = image.png; path = unmuted.png; sourceTree = "<group>"; };
		184F9CED1F5F180900FF40A1 /* thumbs-down.png */ = {isa = PBXFileReference; lastKnownFileType = image.png; path = "thumbs-down.png"; sourceTree = "<group>"; };
		184F9CEE1F5F180900FF40A1 /* thumbs-down@2x.png */ = {isa = PBXFileReference; lastKnownFileType = image.png; path = "thumbs-down@2x.png"; sourceTree = "<group>"; };
		184F9CEF1F5F180900FF40A1 /* thumbs-up.png */ = {isa = PBXFileReference; lastKnownFileType = image.png; path = "thumbs-up.png"; sourceTree = "<group>"; };
		184F9CF01F5F180900FF40A1 /* thumbs-up@2x.png */ = {isa = PBXFileReference; lastKnownFileType = image.png; path = "thumbs-up@2x.png"; sourceTree = "<group>"; };
		184F9CF41F5F180900FF40A1 /* detour.png */ = {isa = PBXFileReference; lastKnownFileType = image.png; path = detour.png; sourceTree = "<group>"; };
		184F9CF51F5F180900FF40A1 /* detour@2x.png */ = {isa = PBXFileReference; lastKnownFileType = image.png; path = "detour@2x.png"; sourceTree = "<group>"; };
		184F9CF61F5F180900FF40A1 /* detour@3x.png */ = {isa = PBXFileReference; lastKnownFileType = image.png; path = "detour@3x.png"; sourceTree = "<group>"; };
		184F9CF71F5F180900FF40A1 /* poweredByFoursquare.png */ = {isa = PBXFileReference; lastKnownFileType = image.png; path = poweredByFoursquare.png; sourceTree = "<group>"; };
		184F9CF81F5F180900FF40A1 /* poweredByFoursquare@2x.png */ = {isa = PBXFileReference; lastKnownFileType = image.png; path = "poweredByFoursquare@2x.png"; sourceTree = "<group>"; };
		184F9CF91F5F180900FF40A1 /* poweredByFoursquare@3x.png */ = {isa = PBXFileReference; lastKnownFileType = image.png; path = "poweredByFoursquare@3x.png"; sourceTree = "<group>"; };
		184F9CFC1F5F180900FF40A1 /* itinerary-empty.gif */ = {isa = PBXFileReference; lastKnownFileType = image.gif; path = "itinerary-empty.gif"; sourceTree = "<group>"; };
		184F9CFD1F5F180900FF40A1 /* itinerary-empty@2x.gif */ = {isa = PBXFileReference; lastKnownFileType = image.gif; path = "itinerary-empty@2x.gif"; sourceTree = "<group>"; };
		184F9CFE1F5F180900FF40A1 /* itinerary-empty@3x.gif */ = {isa = PBXFileReference; lastKnownFileType = image.gif; path = "itinerary-empty@3x.gif"; sourceTree = "<group>"; };
		184F9D011F5F180900FF40A1 /* selfie_help.png */ = {isa = PBXFileReference; lastKnownFileType = image.png; path = selfie_help.png; sourceTree = "<group>"; };
		184F9D061F5F180900FF40A1 /* caret-right.png */ = {isa = PBXFileReference; lastKnownFileType = image.png; path = "caret-right.png"; sourceTree = "<group>"; };
		184F9D071F5F180900FF40A1 /* caret-right@2x.png */ = {isa = PBXFileReference; lastKnownFileType = image.png; path = "caret-right@2x.png"; sourceTree = "<group>"; };
		184F9D0B1F5F180900FF40A1 /* StepIcon-Complete.png */ = {isa = PBXFileReference; lastKnownFileType = image.png; path = "StepIcon-Complete.png"; sourceTree = "<group>"; };
		184F9D0C1F5F180900FF40A1 /* StepIcon-Incomplete.png */ = {isa = PBXFileReference; lastKnownFileType = image.png; path = "StepIcon-Incomplete.png"; sourceTree = "<group>"; };
		184F9D0F1F5F180900FF40A1 /* date_icon.png */ = {isa = PBXFileReference; lastKnownFileType = image.png; path = date_icon.png; sourceTree = "<group>"; };
		184F9D101F5F189500FF40A1 /* CheckIn.json */ = {isa = PBXFileReference; lastKnownFileType = text.json; path = CheckIn.json; sourceTree = "<group>"; };
		184F9D111F5F18B100FF40A1 /* Correct.json */ = {isa = PBXFileReference; lastKnownFileType = text.json; path = Correct.json; sourceTree = "<group>"; };
		184F9D121F5F18D000FF40A1 /* deeplinks.json */ = {isa = PBXFileReference; lastKnownFileType = text.json; path = deeplinks.json; sourceTree = "<group>"; };
		184F9D131F5F18DC00FF40A1 /* diamond_animated.json */ = {isa = PBXFileReference; lastKnownFileType = text.json; path = diamond_animated.json; sourceTree = "<group>"; };
		18783A721F5D9DEE00D3F2EE /* HTTPRequest.m */ = {isa = PBXFileReference; lastKnownFileType = sourcecode.c.objc; path = HTTPRequest.m; sourceTree = "<group>"; };
		18783A731F5D9DEE00D3F2EE /* HTTPRequest.h */ = {isa = PBXFileReference; lastKnownFileType = sourcecode.c.h; path = HTTPRequest.h; sourceTree = "<group>"; };
		18AB48191F5BD73C0048B760 /* AirbnbDemo.app */ = {isa = PBXFileReference; explicitFileType = wrapper.application; includeInIndex = 0; path = AirbnbDemo.app; sourceTree = BUILT_PRODUCTS_DIR; };
		18AB482A1F5BD73C0048B760 /* Info.plist */ = {isa = PBXFileReference; lastKnownFileType = text.plist.xml; path = Info.plist; sourceTree = "<group>"; };
		18AB48361F5BDAB10048B760 /* AppDelegate.h */ = {isa = PBXFileReference; lastKnownFileType = sourcecode.c.h; path = AppDelegate.h; sourceTree = "<group>"; };
		18AB48371F5BDAB10048B760 /* AppDelegate.m */ = {isa = PBXFileReference; lastKnownFileType = sourcecode.c.objc; path = AppDelegate.m; sourceTree = "<group>"; };
		18AB48391F5BDAB10048B760 /* main.m */ = {isa = PBXFileReference; lastKnownFileType = sourcecode.c.objc; path = main.m; sourceTree = "<group>"; };
		18AB48401F5BDAC70048B760 /* Assets.xcassets */ = {isa = PBXFileReference; lastKnownFileType = folder.assetcatalog; path = Assets.xcassets; sourceTree = "<group>"; };
		6989EDE6C84D9108299F9C73 /* Pods-AirbnbDemo.debug.xcconfig */ = {isa = PBXFileReference; includeInIndex = 1; lastKnownFileType = text.xcconfig; name = "Pods-AirbnbDemo.debug.xcconfig"; path = "Pods/Target Support Files/Pods-AirbnbDemo/Pods-AirbnbDemo.debug.xcconfig"; sourceTree = "<group>"; };
		B22D78FA32AD0CD5049F7C5F /* libPods-AirbnbDemo.a */ = {isa = PBXFileReference; explicitFileType = archive.ar; includeInIndex = 0; path = "libPods-AirbnbDemo.a"; sourceTree = BUILT_PRODUCTS_DIR; };
		C92BC923D9583D53C49FC1BF /* Pods-AirbnbDemo.release.xcconfig */ = {isa = PBXFileReference; includeInIndex = 1; lastKnownFileType = text.xcconfig; name = "Pods-AirbnbDemo.release.xcconfig"; path = "Pods/Target Support Files/Pods-AirbnbDemo/Pods-AirbnbDemo.release.xcconfig"; sourceTree = "<group>"; };
/* End PBXFileReference section */

/* Begin PBXFrameworksBuildPhase section */
		18AB48161F5BD73C0048B760 /* Frameworks */ = {
			isa = PBXFrameworksBuildPhase;
			buildActionMask = 2147483647;
			files = (
				69BA6D75781C88352793293C /* libPods-AirbnbDemo.a in Frameworks */,
			);
			runOnlyForDeploymentPostprocessing = 0;
		};
/* End PBXFrameworksBuildPhase section */

/* Begin PBXGroup section */
		184F9CD51F5F180900FF40A1 /* assets */ = {
			isa = PBXGroup;
			children = (
				184F9CD61F5F180900FF40A1 /* .gitignore */,
				184F9CD71F5F180900FF40A1 /* apps */,
				184F9D021F5F180900FF40A1 /* lib */,
				184F9D0D1F5F180900FF40A1 /* node_modules */,
			);
			path = assets;
			sourceTree = "<group>";
		};
		184F9CD71F5F180900FF40A1 /* apps */ = {
			isa = PBXGroup;
			children = (
				184F9CD81F5F180900FF40A1 /* Airlock */,
				184F9CDE1F5F180900FF40A1 /* AirlockWithAPIV1 */,
				184F9CE41F5F180900FF40A1 /* CityHostsGuest */,
				184F9CEB1F5F180900FF40A1 /* CityHostsManager */,
				184F9CF11F5F180900FF40A1 /* Guidebook */,
				184F9CFA1F5F180900FF40A1 /* Itinerary */,
				184F9CFF1F5F180900FF40A1 /* Verifications */,
			);
			path = apps;
			sourceTree = "<group>";
		};
		184F9CD81F5F180900FF40A1 /* Airlock */ = {
			isa = PBXGroup;
			children = (
				184F9CD91F5F180900FF40A1 /* icons */,
			);
			path = Airlock;
			sourceTree = "<group>";
		};
		184F9CD91F5F180900FF40A1 /* icons */ = {
			isa = PBXGroup;
			children = (
				184F9CDA1F5F180900FF40A1 /* email.png */,
				184F9CDB1F5F180900FF40A1 /* kba.png */,
				184F9CDC1F5F180900FF40A1 /* phone_via_call.png */,
				184F9CDD1F5F180900FF40A1 /* phone_via_sms.png */,
			);
			path = icons;
			sourceTree = "<group>";
		};
		184F9CDE1F5F180900FF40A1 /* AirlockWithAPIV1 */ = {
			isa = PBXGroup;
			children = (
				184F9CDF1F5F180900FF40A1 /* icons */,
			);
			path = AirlockWithAPIV1;
			sourceTree = "<group>";
		};
		184F9CDF1F5F180900FF40A1 /* icons */ = {
			isa = PBXGroup;
			children = (
				184F9CE01F5F180900FF40A1 /* email.png */,
				184F9CE11F5F180900FF40A1 /* kba.png */,
				184F9CE21F5F180900FF40A1 /* phone_via_call.png */,
				184F9CE31F5F180900FF40A1 /* phone_via_sms.png */,
			);
			path = icons;
			sourceTree = "<group>";
		};
		184F9CE41F5F180900FF40A1 /* CityHostsGuest */ = {
			isa = PBXGroup;
			children = (
				184F9CE51F5F180900FF40A1 /* images */,
			);
			path = CityHostsGuest;
			sourceTree = "<group>";
		};
		184F9CE51F5F180900FF40A1 /* images */ = {
			isa = PBXGroup;
			children = (
				184F9CE61F5F180900FF40A1 /* muted.png */,
				184F9CE71F5F180900FF40A1 /* nux-experiences.jpg */,
				184F9CE81F5F180900FF40A1 /* nux-homes.jpg */,
				184F9CE91F5F180900FF40A1 /* nux-places.jpg */,
				184F9CEA1F5F180900FF40A1 /* unmuted.png */,
			);
			path = images;
			sourceTree = "<group>";
		};
		184F9CEB1F5F180900FF40A1 /* CityHostsManager */ = {
			isa = PBXGroup;
			children = (
				184F9CEC1F5F180900FF40A1 /* images */,
			);
			path = CityHostsManager;
			sourceTree = "<group>";
		};
		184F9CEC1F5F180900FF40A1 /* images */ = {
			isa = PBXGroup;
			children = (
				184F9CED1F5F180900FF40A1 /* thumbs-down.png */,
				184F9CEE1F5F180900FF40A1 /* thumbs-down@2x.png */,
				184F9CEF1F5F180900FF40A1 /* thumbs-up.png */,
				184F9CF01F5F180900FF40A1 /* thumbs-up@2x.png */,
			);
			path = images;
			sourceTree = "<group>";
		};
		184F9CF11F5F180900FF40A1 /* Guidebook */ = {
			isa = PBXGroup;
			children = (
				184F9CF21F5F180900FF40A1 /* images */,
			);
			path = Guidebook;
			sourceTree = "<group>";
		};
		184F9CF21F5F180900FF40A1 /* images */ = {
			isa = PBXGroup;
			children = (
				184F9CF31F5F180900FF40A1 /* icons */,
				184F9CF71F5F180900FF40A1 /* poweredByFoursquare.png */,
				184F9CF81F5F180900FF40A1 /* poweredByFoursquare@2x.png */,
				184F9CF91F5F180900FF40A1 /* poweredByFoursquare@3x.png */,
			);
			path = images;
			sourceTree = "<group>";
		};
		184F9CF31F5F180900FF40A1 /* icons */ = {
			isa = PBXGroup;
			children = (
				184F9CF41F5F180900FF40A1 /* detour.png */,
				184F9CF51F5F180900FF40A1 /* detour@2x.png */,
				184F9CF61F5F180900FF40A1 /* detour@3x.png */,
			);
			path = icons;
			sourceTree = "<group>";
		};
		184F9CFA1F5F180900FF40A1 /* Itinerary */ = {
			isa = PBXGroup;
			children = (
				184F9CFB1F5F180900FF40A1 /* images */,
			);
			path = Itinerary;
			sourceTree = "<group>";
		};
		184F9CFB1F5F180900FF40A1 /* images */ = {
			isa = PBXGroup;
			children = (
				184F9CFC1F5F180900FF40A1 /* itinerary-empty.gif */,
				184F9CFD1F5F180900FF40A1 /* itinerary-empty@2x.gif */,
				184F9CFE1F5F180900FF40A1 /* itinerary-empty@3x.gif */,
			);
			path = images;
			sourceTree = "<group>";
		};
		184F9CFF1F5F180900FF40A1 /* Verifications */ = {
			isa = PBXGroup;
			children = (
				184F9D001F5F180900FF40A1 /* images */,
			);
			path = Verifications;
			sourceTree = "<group>";
		};
		184F9D001F5F180900FF40A1 /* images */ = {
			isa = PBXGroup;
			children = (
				184F9D011F5F180900FF40A1 /* selfie_help.png */,
			);
			path = images;
			sourceTree = "<group>";
		};
		184F9D021F5F180900FF40A1 /* lib */ = {
			isa = PBXGroup;
			children = (
				184F9D031F5F180900FF40A1 /* airbnb-dls */,
			);
			path = lib;
			sourceTree = "<group>";
		};
		184F9D031F5F180900FF40A1 /* airbnb-dls */ = {
			isa = PBXGroup;
			children = (
				184F9D041F5F180900FF40A1 /* lib */,
				184F9D081F5F180900FF40A1 /* team */,
			);
			path = "airbnb-dls";
			sourceTree = "<group>";
		};
		184F9D041F5F180900FF40A1 /* lib */ = {
			isa = PBXGroup;
			children = (
				184F9D051F5F180900FF40A1 /* images */,
			);
			path = lib;
			sourceTree = "<group>";
		};
		184F9D051F5F180900FF40A1 /* images */ = {
			isa = PBXGroup;
			children = (
				184F9D061F5F180900FF40A1 /* caret-right.png */,
				184F9D071F5F180900FF40A1 /* caret-right@2x.png */,
			);
			path = images;
			sourceTree = "<group>";
		};
		184F9D081F5F180900FF40A1 /* team */ = {
			isa = PBXGroup;
			children = (
				184F9D091F5F180900FF40A1 /* trust */,
			);
			path = team;
			sourceTree = "<group>";
		};
		184F9D091F5F180900FF40A1 /* trust */ = {
			isa = PBXGroup;
			children = (
				184F9D0A1F5F180900FF40A1 /* images */,
			);
			path = trust;
			sourceTree = "<group>";
		};
		184F9D0A1F5F180900FF40A1 /* images */ = {
			isa = PBXGroup;
			children = (
				184F9D0B1F5F180900FF40A1 /* StepIcon-Complete.png */,
				184F9D0C1F5F180900FF40A1 /* StepIcon-Incomplete.png */,
			);
			path = images;
			sourceTree = "<group>";
		};
		184F9D0D1F5F180900FF40A1 /* node_modules */ = {
			isa = PBXGroup;
			children = (
				184F9D0E1F5F180900FF40A1 /* react-native-datepicker */,
			);
			path = node_modules;
			sourceTree = "<group>";
		};
		184F9D0E1F5F180900FF40A1 /* react-native-datepicker */ = {
			isa = PBXGroup;
			children = (
				184F9D0F1F5F180900FF40A1 /* date_icon.png */,
			);
			path = "react-native-datepicker";
			sourceTree = "<group>";
		};
		18AB48101F5BD73C0048B760 = {
			isa = PBXGroup;
			children = (
				18AB481B1F5BD73C0048B760 /* AirbnbDemo */,
				18AB481A1F5BD73C0048B760 /* Products */,
				A9EF15B8ABF5105A875A1D09 /* Pods */,
				1E402A2017162FC31733E54F /* Frameworks */,
			);
			sourceTree = "<group>";
		};
		18AB481A1F5BD73C0048B760 /* Products */ = {
			isa = PBXGroup;
			children = (
				18AB48191F5BD73C0048B760 /* AirbnbDemo.app */,
			);
			name = Products;
			sourceTree = "<group>";
		};
		18AB481B1F5BD73C0048B760 /* AirbnbDemo */ = {
			isa = PBXGroup;
			children = (
				18AB48321F5BDAB10048B760 /* Airbnb */,
				18AB482A1F5BD73C0048B760 /* Info.plist */,
			);
			path = AirbnbDemo;
			sourceTree = "<group>";
		};
		18AB48321F5BDAB10048B760 /* Airbnb */ = {
			isa = PBXGroup;
			children = (
				18AB48341F5BDAB10048B760 /* Code */,
				18AB483D1F5BDAB10048B760 /* Fonts */,
				18AB483E1F5BDAB10048B760 /* Localizations */,
				18AB483F1F5BDAB10048B760 /* Resources */,
			);
			path = Airbnb;
			sourceTree = "<group>";
		};
		18AB48341F5BDAB10048B760 /* Code */ = {
			isa = PBXGroup;
			children = (
				18AB48351F5BDAB10048B760 /* Application */,
				18AB483A1F5BDAB10048B760 /* Common */,
				18AB483B1F5BDAB10048B760 /* Features */,
				18AB483C1F5BDAB10048B760 /* ThirdParty */,
			);
			path = Code;
			sourceTree = "<group>";
		};
		18AB48351F5BDAB10048B760 /* Application */ = {
			isa = PBXGroup;
			children = (
				18AB48361F5BDAB10048B760 /* AppDelegate.h */,
				18AB48371F5BDAB10048B760 /* AppDelegate.m */,
				18AB48391F5BDAB10048B760 /* main.m */,
			);
			path = Application;
			sourceTree = "<group>";
		};
		18AB483A1F5BDAB10048B760 /* Common */ = {
			isa = PBXGroup;
			children = (
				18783A731F5D9DEE00D3F2EE /* HTTPRequest.h */,
				18783A721F5D9DEE00D3F2EE /* HTTPRequest.m */,
			);
			path = Common;
			sourceTree = "<group>";
		};
		18AB483B1F5BDAB10048B760 /* Features */ = {
			isa = PBXGroup;
			children = (
			);
			path = Features;
			sourceTree = "<group>";
		};
		18AB483C1F5BDAB10048B760 /* ThirdParty */ = {
			isa = PBXGroup;
			children = (
			);
			path = ThirdParty;
			sourceTree = "<group>";
		};
		18AB483D1F5BDAB10048B760 /* Fonts */ = {
			isa = PBXGroup;
			children = (
			);
			path = Fonts;
			sourceTree = "<group>";
		};
		18AB483E1F5BDAB10048B760 /* Localizations */ = {
			isa = PBXGroup;
			children = (
			);
			path = Localizations;
			sourceTree = "<group>";
		};
		18AB483F1F5BDAB10048B760 /* Resources */ = {
			isa = PBXGroup;
			children = (
				184F9D131F5F18DC00FF40A1 /* diamond_animated.json */,
				184F9D121F5F18D000FF40A1 /* deeplinks.json */,
				184F9D111F5F18B100FF40A1 /* Correct.json */,
				184F9D101F5F189500FF40A1 /* CheckIn.json */,
				184F9CD51F5F180900FF40A1 /* assets */,
				18AB48401F5BDAC70048B760 /* Assets.xcassets */,
			);
			path = Resources;
			sourceTree = "<group>";
		};
		1E402A2017162FC31733E54F /* Frameworks */ = {
			isa = PBXGroup;
			children = (
				B22D78FA32AD0CD5049F7C5F /* libPods-AirbnbDemo.a */,
			);
			name = Frameworks;
			sourceTree = "<group>";
		};
		A9EF15B8ABF5105A875A1D09 /* Pods */ = {
			isa = PBXGroup;
			children = (
				6989EDE6C84D9108299F9C73 /* Pods-AirbnbDemo.debug.xcconfig */,
				C92BC923D9583D53C49FC1BF /* Pods-AirbnbDemo.release.xcconfig */,
			);
			name = Pods;
			sourceTree = "<group>";
		};
/* End PBXGroup section */

/* Begin PBXNativeTarget section */
		18AB48181F5BD73C0048B760 /* AirbnbDemo */ = {
			isa = PBXNativeTarget;
			buildConfigurationList = 18AB482F1F5BD73C0048B760 /* Build configuration list for PBXNativeTarget "AirbnbDemo" */;
			buildPhases = (
				D6251A8F70F19881005C2085 /* [CP] Check Pods Manifest.lock */,
				18AB48151F5BD73C0048B760 /* Sources */,
				18AB48161F5BD73C0048B760 /* Frameworks */,
				18AB48171F5BD73C0048B760 /* Resources */,
				AD456D93A6B628795C026F12 /* [CP] Embed Pods Frameworks */,
				709D9BAE21B9930F3D887187 /* [CP] Copy Pods Resources */,
			);
			buildRules = (
			);
			dependencies = (
			);
			name = AirbnbDemo;
			productName = AirbnbDemo;
			productReference = 18AB48191F5BD73C0048B760 /* AirbnbDemo.app */;
			productType = "com.apple.product-type.application";
		};
/* End PBXNativeTarget section */

/* Begin PBXProject section */
		18AB48111F5BD73C0048B760 /* Project object */ = {
			isa = PBXProject;
			attributes = {
				LastUpgradeCheck = 0900;
				ORGANIZATIONNAME = Ossey;
				TargetAttributes = {
					18AB48181F5BD73C0048B760 = {
						CreatedOnToolsVersion = 9.0;
						ProvisioningStyle = Automatic;
					};
				};
			};
			buildConfigurationList = 18AB48141F5BD73C0048B760 /* Build configuration list for PBXProject "AirbnbDemo" */;
			compatibilityVersion = "Xcode 8.0";
			developmentRegion = en;
			hasScannedForEncodings = 0;
			knownRegions = (
				en,
				Base,
			);
			mainGroup = 18AB48101F5BD73C0048B760;
			productRefGroup = 18AB481A1F5BD73C0048B760 /* Products */;
			projectDirPath = "";
			projectRoot = "";
			targets = (
				18AB48181F5BD73C0048B760 /* AirbnbDemo */,
			);
		};
/* End PBXProject section */

/* Begin PBXResourcesBuildPhase section */
		18AB48171F5BD73C0048B760 /* Resources */ = {
			isa = PBXResourcesBuildPhase;
			buildActionMask = 2147483647;
			files = (
			);
			runOnlyForDeploymentPostprocessing = 0;
		};
/* End PBXResourcesBuildPhase section */

/* Begin PBXShellScriptBuildPhase section */
		709D9BAE21B9930F3D887187 /* [CP] Copy Pods Resources */ = {
			isa = PBXShellScriptBuildPhase;
			buildActionMask = 2147483647;
			files = (
			);
			inputPaths = (
			);
			name = "[CP] Copy Pods Resources";
			outputPaths = (
			);
			runOnlyForDeploymentPostprocessing = 0;
			shellPath = /bin/sh;
			shellScript = "\"${SRCROOT}/Pods/Target Support Files/Pods-AirbnbDemo/Pods-AirbnbDemo-resources.sh\"\n";
			showEnvVarsInLog = 0;
		};
		AD456D93A6B628795C026F12 /* [CP] Embed Pods Frameworks */ = {
			isa = PBXShellScriptBuildPhase;
			buildActionMask = 2147483647;
			files = (
			);
			inputPaths = (
			);
			name = "[CP] Embed Pods Frameworks";
			outputPaths = (
			);
			runOnlyForDeploymentPostprocessing = 0;
			shellPath = /bin/sh;
			shellScript = "\"${SRCROOT}/Pods/Target Support Files/Pods-AirbnbDemo/Pods-AirbnbDemo-frameworks.sh\"\n";
			showEnvVarsInLog = 0;
		};
		D6251A8F70F19881005C2085 /* [CP] Check Pods Manifest.lock */ = {
			isa = PBXShellScriptBuildPhase;
			buildActionMask = 2147483647;
			files = (
			);
			inputPaths = (
			);
			name = "[CP] Check Pods Manifest.lock";
			outputPaths = (
			);
			runOnlyForDeploymentPostprocessing = 0;
			shellPath = /bin/sh;
			shellScript = "diff \"${PODS_ROOT}/../Podfile.lock\" \"${PODS_ROOT}/Manifest.lock\" > /dev/null\nif [ $? != 0 ] ; then\n    # print error to STDERR\n    echo \"error: The sandbox is not in sync with the Podfile.lock. Run 'pod install' or update your CocoaPods installation.\" >&2\n    exit 1\nfi\n";
			showEnvVarsInLog = 0;
		};
/* End PBXShellScriptBuildPhase section */

/* Begin PBXSourcesBuildPhase section */
		18AB48151F5BD73C0048B760 /* Sources */ = {
			isa = PBXSourcesBuildPhase;
			buildActionMask = 2147483647;
			files = (
				18AB48441F5BDB210048B760 /* AppDelegate.m in Sources */,
				18783A741F5D9DFA00D3F2EE /* HTTPRequest.m in Sources */,
				18AB48411F5BDAD50048B760 /* main.m in Sources */,
			);
			runOnlyForDeploymentPostprocessing = 0;
		};
/* End PBXSourcesBuildPhase section */

/* Begin XCBuildConfiguration section */
		18AB482D1F5BD73C0048B760 /* Debug */ = {
			isa = XCBuildConfiguration;
			buildSettings = {
				ALWAYS_SEARCH_USER_PATHS = NO;
				CLANG_ANALYZER_NONNULL = YES;
				CLANG_ANALYZER_NUMBER_OBJECT_CONVERSION = YES_AGGRESSIVE;
				CLANG_CXX_LANGUAGE_STANDARD = "gnu++14";
				CLANG_CXX_LIBRARY = "libc++";
				CLANG_ENABLE_MODULES = YES;
				CLANG_ENABLE_OBJC_ARC = YES;
				CLANG_WARN_BLOCK_CAPTURE_AUTORELEASING = YES;
				CLANG_WARN_BOOL_CONVERSION = YES;
				CLANG_WARN_COMMA = YES;
				CLANG_WARN_CONSTANT_CONVERSION = YES;
				CLANG_WARN_DIRECT_OBJC_ISA_USAGE = YES_ERROR;
				CLANG_WARN_DOCUMENTATION_COMMENTS = YES;
				CLANG_WARN_EMPTY_BODY = YES;
				CLANG_WARN_ENUM_CONVERSION = YES;
				CLANG_WARN_INFINITE_RECURSION = YES;
				CLANG_WARN_INT_CONVERSION = YES;
				CLANG_WARN_NON_LITERAL_NULL_CONVERSION = YES;
				CLANG_WARN_OBJC_LITERAL_CONVERSION = YES;
				CLANG_WARN_OBJC_ROOT_CLASS = YES_ERROR;
				CLANG_WARN_RANGE_LOOP_ANALYSIS = YES;
				CLANG_WARN_STRICT_PROTOTYPES = YES;
				CLANG_WARN_SUSPICIOUS_MOVE = YES;
				CLANG_WARN_UNGUARDED_AVAILABILITY = YES_AGGRESSIVE;
				CLANG_WARN_UNREACHABLE_CODE = YES;
				CLANG_WARN__DUPLICATE_METHOD_MATCH = YES;
				CODE_SIGN_IDENTITY = "iPhone Developer";
				COPY_PHASE_STRIP = NO;
				DEBUG_INFORMATION_FORMAT = dwarf;
				ENABLE_STRICT_OBJC_MSGSEND = YES;
				ENABLE_TESTABILITY = YES;
				GCC_C_LANGUAGE_STANDARD = gnu11;
				GCC_DYNAMIC_NO_PIC = NO;
				GCC_NO_COMMON_BLOCKS = YES;
				GCC_OPTIMIZATION_LEVEL = 0;
				GCC_PREPROCESSOR_DEFINITIONS = (
					"DEBUG=1",
					"$(inherited)",
				);
				GCC_WARN_64_TO_32_BIT_CONVERSION = YES;
				GCC_WARN_ABOUT_RETURN_TYPE = YES_ERROR;
				GCC_WARN_UNDECLARED_SELECTOR = YES;
				GCC_WARN_UNINITIALIZED_AUTOS = YES_AGGRESSIVE;
				GCC_WARN_UNUSED_FUNCTION = YES;
				GCC_WARN_UNUSED_VARIABLE = YES;
				IPHONEOS_DEPLOYMENT_TARGET = 11.0;
				MTL_ENABLE_DEBUG_INFO = YES;
				ONLY_ACTIVE_ARCH = YES;
				SDKROOT = iphoneos;
			};
			name = Debug;
		};
		18AB482E1F5BD73C0048B760 /* Release */ = {
			isa = XCBuildConfiguration;
			buildSettings = {
				ALWAYS_SEARCH_USER_PATHS = NO;
				CLANG_ANALYZER_NONNULL = YES;
				CLANG_ANALYZER_NUMBER_OBJECT_CONVERSION = YES_AGGRESSIVE;
				CLANG_CXX_LANGUAGE_STANDARD = "gnu++14";
				CLANG_CXX_LIBRARY = "libc++";
				CLANG_ENABLE_MODULES = YES;
				CLANG_ENABLE_OBJC_ARC = YES;
				CLANG_WARN_BLOCK_CAPTURE_AUTORELEASING = YES;
				CLANG_WARN_BOOL_CONVERSION = YES;
				CLANG_WARN_COMMA = YES;
				CLANG_WARN_CONSTANT_CONVERSION = YES;
				CLANG_WARN_DIRECT_OBJC_ISA_USAGE = YES_ERROR;
				CLANG_WARN_DOCUMENTATION_COMMENTS = YES;
				CLANG_WARN_EMPTY_BODY = YES;
				CLANG_WARN_ENUM_CONVERSION = YES;
				CLANG_WARN_INFINITE_RECURSION = YES;
				CLANG_WARN_INT_CONVERSION = YES;
				CLANG_WARN_NON_LITERAL_NULL_CONVERSION = YES;
				CLANG_WARN_OBJC_LITERAL_CONVERSION = YES;
				CLANG_WARN_OBJC_ROOT_CLASS = YES_ERROR;
				CLANG_WARN_RANGE_LOOP_ANALYSIS = YES;
				CLANG_WARN_STRICT_PROTOTYPES = YES;
				CLANG_WARN_SUSPICIOUS_MOVE = YES;
				CLANG_WARN_UNGUARDED_AVAILABILITY = YES_AGGRESSIVE;
				CLANG_WARN_UNREACHABLE_CODE = YES;
				CLANG_WARN__DUPLICATE_METHOD_MATCH = YES;
				CODE_SIGN_IDENTITY = "iPhone Developer";
				COPY_PHASE_STRIP = NO;
				DEBUG_INFORMATION_FORMAT = "dwarf-with-dsym";
				ENABLE_NS_ASSERTIONS = NO;
				ENABLE_STRICT_OBJC_MSGSEND = YES;
				GCC_C_LANGUAGE_STANDARD = gnu11;
				GCC_NO_COMMON_BLOCKS = YES;
				GCC_WARN_64_TO_32_BIT_CONVERSION = YES;
				GCC_WARN_ABOUT_RETURN_TYPE = YES_ERROR;
				GCC_WARN_UNDECLARED_SELECTOR = YES;
				GCC_WARN_UNINITIALIZED_AUTOS = YES_AGGRESSIVE;
				GCC_WARN_UNUSED_FUNCTION = YES;
				GCC_WARN_UNUSED_VARIABLE = YES;
				IPHONEOS_DEPLOYMENT_TARGET = 11.0;
				MTL_ENABLE_DEBUG_INFO = NO;
				SDKROOT = iphoneos;
				VALIDATE_PRODUCT = YES;
			};
			name = Release;
		};
		18AB48301F5BD73C0048B760 /* Debug */ = {
			isa = XCBuildConfiguration;
			baseConfigurationReference = 6989EDE6C84D9108299F9C73 /* Pods-AirbnbDemo.debug.xcconfig */;
			buildSettings = {
				ASSETCATALOG_COMPILER_APPICON_NAME = AppIcon;
				ASSETCATALOG_COMPILER_LAUNCHIMAGE_NAME = LaunchImage;
				CODE_SIGN_STYLE = Automatic;
				DEVELOPMENT_TEAM = NKW67GFDHM;
				INFOPLIST_FILE = AirbnbDemo/Info.plist;
				IPHONEOS_DEPLOYMENT_TARGET = 8.0;
				LD_RUNPATH_SEARCH_PATHS = "$(inherited) @executable_path/Frameworks";
				PRODUCT_BUNDLE_IDENTIFIER = com.ossey.AirbnbDemo;
				PRODUCT_NAME = "$(TARGET_NAME)";
				TARGETED_DEVICE_FAMILY = "1,2";
			};
			name = Debug;
		};
		18AB48311F5BD73C0048B760 /* Release */ = {
			isa = XCBuildConfiguration;
			baseConfigurationReference = C92BC923D9583D53C49FC1BF /* Pods-AirbnbDemo.release.xcconfig */;
			buildSettings = {
				ASSETCATALOG_COMPILER_APPICON_NAME = AppIcon;
				ASSETCATALOG_COMPILER_LAUNCHIMAGE_NAME = LaunchImage;
				CODE_SIGN_STYLE = Automatic;
				DEVELOPMENT_TEAM = NKW67GFDHM;
				INFOPLIST_FILE = AirbnbDemo/Info.plist;
				IPHONEOS_DEPLOYMENT_TARGET = 8.0;
				LD_RUNPATH_SEARCH_PATHS = "$(inherited) @executable_path/Frameworks";
				PRODUCT_BUNDLE_IDENTIFIER = com.ossey.AirbnbDemo;
				PRODUCT_NAME = "$(TARGET_NAME)";
				TARGETED_DEVICE_FAMILY = "1,2";
			};
			name = Release;
		};
/* End XCBuildConfiguration section */

/* Begin XCConfigurationList section */
		18AB48141F5BD73C0048B760 /* Build configuration list for PBXProject "AirbnbDemo" */ = {
			isa = XCConfigurationList;
			buildConfigurations = (
				18AB482D1F5BD73C0048B760 /* Debug */,
				18AB482E1F5BD73C0048B760 /* Release */,
			);
			defaultConfigurationIsVisible = 0;
			defaultConfigurationName = Release;
		};
		18AB482F1F5BD73C0048B760 /* Build configuration list for PBXNativeTarget "AirbnbDemo" */ = {
			isa = XCConfigurationList;
			buildConfigurations = (
				18AB48301F5BD73C0048B760 /* Debug */,
				18AB48311F5BD73C0048B760 /* Release */,
			);
			defaultConfigurationIsVisible = 0;
			defaultConfigurationName = Release;
		};
/* End XCConfigurationList section */
	};
	rootObject = 18AB48111F5BD73C0048B760 /* Project object */;
}
